// !$*UTF8*$!
{
	archiveVersion = 1;
	classes = {
	};
	objectVersion = 54;
	objects = {

/* Begin PBXBuildFile section */
		00E356F31AD99517003FC87E /* RNTemplate3Tests.m in Sources */ = {isa = PBXBuildFile; fileRef = 00E356F21AD99517003FC87E /* RNTemplate3Tests.m */; };
		045976A42A0E40750015B46F /* GoogleService-Info.plist in Resources */ = {isa = PBXBuildFile; fileRef = 045976A32A0E40750015B46F /* GoogleService-Info.plist */; };
		04938B5E2A25C63F0045BC9F /* AppCenter-Config.plist in Resources */ = {isa = PBXBuildFile; fileRef = 04938B5D2A25C63F0045BC9F /* AppCenter-Config.plist */; };
		04CF91545C274619B299FAD2 /* Poppins-LightItalic.ttf in Resources */ = {isa = PBXBuildFile; fileRef = DB978733517D4DC5A37035FB /* Poppins-LightItalic.ttf */; };
		04EDD7042A1FBB7500DBB67E /* mynewcert.cer in Resources */ = {isa = PBXBuildFile; fileRef = 04268C782A1F82ED00ED6EAB /* mynewcert.cer */; };
		04EDD7052A1FBB7900DBB67E /* mynewkey.cer in Resources */ = {isa = PBXBuildFile; fileRef = 04268C742A1F785800ED6EAB /* mynewkey.cer */; };
		0D41452E9EC74DD5804F8EF6 /* Poppins-Black.ttf in Resources */ = {isa = PBXBuildFile; fileRef = 8832BA857FA7495888F01A3E /* Poppins-Black.ttf */; };
		0FDB97CB82944453BF393053 /* Neris-SemiBoldItalic.otf in Resources */ = {isa = PBXBuildFile; fileRef = CD5D164163234F1090080F18 /* Neris-SemiBoldItalic.otf */; };
		13B07FBC1A68108700A75B9A /* AppDelegate.mm in Sources */ = {isa = PBXBuildFile; fileRef = 13B07FB01A68108700A75B9A /* AppDelegate.mm */; };
		13B07FBF1A68108700A75B9A /* Images.xcassets in Resources */ = {isa = PBXBuildFile; fileRef = 13B07FB51A68108700A75B9A /* Images.xcassets */; };
		13B07FC11A68108700A75B9A /* main.m in Sources */ = {isa = PBXBuildFile; fileRef = 13B07FB71A68108700A75B9A /* main.m */; };
		159C19C8C68A4280957ED7AE /* OpenSans-CondLight.ttf in Resources */ = {isa = PBXBuildFile; fileRef = CFFC84EA2FA04AEBA95E1C41 /* OpenSans-CondLight.ttf */; };
		17CB6DC0DA38476499A50DC3 /* Poppins-ExtraLight.ttf in Resources */ = {isa = PBXBuildFile; fileRef = 041551777DEE41CB90C77DF8 /* Poppins-ExtraLight.ttf */; };
		190E76461FB9434FB65C7F67 /* Neris-ThinItalic.otf in Resources */ = {isa = PBXBuildFile; fileRef = 16EF81BCC1B343D0B47D0FB6 /* Neris-ThinItalic.otf */; };
		1D1BEA902547433499E2D995 /* Montserrat-Bold.ttf in Resources */ = {isa = PBXBuildFile; fileRef = 5597BD9D6A7940DCA6654E24 /* Montserrat-Bold.ttf */; };
		1DB856C78DC44C82B840C788 /* Montserrat-ExtraBoldItalic.ttf in Resources */ = {isa = PBXBuildFile; fileRef = FA3F5B19E462477990F9D864 /* Montserrat-ExtraBoldItalic.ttf */; };
		1ED45732D1BA4DFA83345A1E /* Neris-SemiBold.otf in Resources */ = {isa = PBXBuildFile; fileRef = DAB27FAC5C564CEC87AF91BF /* Neris-SemiBold.otf */; };
		20B96842CCA54A5995BD50A0 /* OpenSans-Italic.ttf in Resources */ = {isa = PBXBuildFile; fileRef = BA1030F018FC4B6094770A14 /* OpenSans-Italic.ttf */; };
		21BCE45C9558466AB2425F2C /* Poppins-SemiBold.ttf in Resources */ = {isa = PBXBuildFile; fileRef = 1F7A844F56254BC5B5192C28 /* Poppins-SemiBold.ttf */; };
		23B645C850B545A3A95C6E92 /* OpenSans-BoldItalic.ttf in Resources */ = {isa = PBXBuildFile; fileRef = 83321D84FE3C4D2AA34F2CF3 /* OpenSans-BoldItalic.ttf */; };
		24F9F085AE93484EB72E528B /* Poppins-BlackItalic.ttf in Resources */ = {isa = PBXBuildFile; fileRef = 2B3C64F083E5427B9820B1D1 /* Poppins-BlackItalic.ttf */; };
		283ACEF149DC45619F9540CF /* Poppins-ExtraBoldItalic.ttf in Resources */ = {isa = PBXBuildFile; fileRef = DC550FE1371748358859C107 /* Poppins-ExtraBoldItalic.ttf */; };
		30525B99734A689FC89290F4 /* Pods_RNTemplate3_RNTemplate3Tests.framework in Frameworks */ = {isa = PBXBuildFile; fileRef = 9C2D841B80BC21EAB55CB1E0 /* Pods_RNTemplate3_RNTemplate3Tests.framework */; };
		335AD0874BAF48148FF6217C /* Neris-BoldItalic.otf in Resources */ = {isa = PBXBuildFile; fileRef = 900B70DF744D4624B47C4946 /* Neris-BoldItalic.otf */; };
		3E8F83B2778D4A21AA348CB9 /* Poppins-Light.ttf in Resources */ = {isa = PBXBuildFile; fileRef = 4035AC8904874D6BAF36AB92 /* Poppins-Light.ttf */; };
		43306BD87ACB4680B7E35439 /* OpenSans-Bold.ttf in Resources */ = {isa = PBXBuildFile; fileRef = D6BA639C04254493BF9D380A /* OpenSans-Bold.ttf */; };
		469902D4BC3C3A339431BD27 /* Pods_RNTemplate3.framework in Frameworks */ = {isa = PBXBuildFile; fileRef = 9C5D985A8D5F0AA8DB0CD82F /* Pods_RNTemplate3.framework */; };
		47728C85564F4572921903A0 /* OpenSans-ExtraBoldItalic.ttf in Resources */ = {isa = PBXBuildFile; fileRef = 2DCFEBDB805A439CA801E9AA /* OpenSans-ExtraBoldItalic.ttf */; };
		4EA6A87B7DF944C88062A7F5 /* Schoolbell-pMMy.ttf in Resources */ = {isa = PBXBuildFile; fileRef = 758B14E6901E4DA989C98970 /* Schoolbell-pMMy.ttf */; };
		60CF2088B47E4727BBB4956E /* Poppins-BoldItalic.ttf in Resources */ = {isa = PBXBuildFile; fileRef = 2DEC8B4C3D5C41DCB14A6659 /* Poppins-BoldItalic.ttf */; };
		635214FAF2E84B9E8E90017D /* Poppins-ThinItalic.ttf in Resources */ = {isa = PBXBuildFile; fileRef = 826710A2CE54465F95EEF5A0 /* Poppins-ThinItalic.ttf */; };
		65CEF01E4782458EB8772B5D /* Montserrat-SemiBoldItalic.ttf in Resources */ = {isa = PBXBuildFile; fileRef = DBC9BC357CC04C0CA699D7C8 /* Montserrat-SemiBoldItalic.ttf */; };
		6AF82136495A4B078BE41E9A /* Montserrat-ExtraLightItalic.ttf in Resources */ = {isa = PBXBuildFile; fileRef = C732ABB794EA42048C7EC9EE /* Montserrat-ExtraLightItalic.ttf */; };
		740FFE4DB5164AD5B732310C /* Neris-BlackItalic.otf in Resources */ = {isa = PBXBuildFile; fileRef = B63919EB84FC4F26AF55DF6D /* Neris-BlackItalic.otf */; };
		767151B70512419CA9AD3183 /* OpenSans-SemiboldItalic_0.ttf in Resources */ = {isa = PBXBuildFile; fileRef = 7CB06474D68F46AB91D1E57D /* OpenSans-SemiboldItalic_0.ttf */; };
		78FA0C3E27674E1C930F2414 /* OpenSans-Semibold.ttf in Resources */ = {isa = PBXBuildFile; fileRef = 51F8F731A2404C5FAB69C8F1 /* OpenSans-Semibold.ttf */; };
		7D533A34D3EF4CD9A7AB9541 /* Neris-Thin.otf in Resources */ = {isa = PBXBuildFile; fileRef = D32885712B364E78A5941470 /* Neris-Thin.otf */; };
		7FAE0F3254514A5BA6314D50 /* Montserrat-ThinItalic.ttf in Resources */ = {isa = PBXBuildFile; fileRef = CE3C6E28D20D4F2A9D8D0597 /* Montserrat-ThinItalic.ttf */; };
		802B44BCB04A430D8F53501F /* OpenSans-Regular.ttf in Resources */ = {isa = PBXBuildFile; fileRef = DB76659D4AE34BDFB2962BAE /* OpenSans-Regular.ttf */; };
		80473DEE19314AAD9B9B0217 /* Neris-Black.otf in Resources */ = {isa = PBXBuildFile; fileRef = 1584FA022FB941389A7E7025 /* Neris-Black.otf */; };
		81AB9BB82411601600AC10FF /* LaunchScreen.storyboard in Resources */ = {isa = PBXBuildFile; fileRef = 81AB9BB72411601600AC10FF /* LaunchScreen.storyboard */; };
		836A7390213244988A8DDB98 /* Neris-LightItalic.otf in Resources */ = {isa = PBXBuildFile; fileRef = 87A71A64D6EA4FA59B890FBA /* Neris-LightItalic.otf */; };
		83CA74746CB647AEA957176C /* Montserrat-Regular.ttf in Resources */ = {isa = PBXBuildFile; fileRef = 3EF9C4A10C9441ACB67EACD0 /* Montserrat-Regular.ttf */; };
		89497ABD59E648C89D155139 /* Poppins-ExtraBold.ttf in Resources */ = {isa = PBXBuildFile; fileRef = 0B929E62BFFD468986EBDB6F /* Poppins-ExtraBold.ttf */; };
		912263FE4783409489AAE2DD /* OpenSans-Light.ttf in Resources */ = {isa = PBXBuildFile; fileRef = 209CF8BF7E1940938A1578A5 /* OpenSans-Light.ttf */; };
		98F37DDCA5394517B050C427 /* Poppins-ExtraLightItalic.ttf in Resources */ = {isa = PBXBuildFile; fileRef = 2027AF69729A4210BA2B9D9B /* Poppins-ExtraLightItalic.ttf */; };
		A32BDFA3DAC74B1D9E6EC310 /* Montserrat-BlackItalic.ttf in Resources */ = {isa = PBXBuildFile; fileRef = 4B3AC6D85EA142DDBFCE0C65 /* Montserrat-BlackItalic.ttf */; };
		A8BC96505B614A358DDBC3E6 /* opensans-condbold-webfont.ttf in Resources */ = {isa = PBXBuildFile; fileRef = 3F19811962384F8F8AE5FE85 /* opensans-condbold-webfont.ttf */; };
		AB5CEB0590F4425DA5377A6E /* OpenSans-LightItalic.ttf in Resources */ = {isa = PBXBuildFile; fileRef = 3B78D721559B42A487F45EF5 /* OpenSans-LightItalic.ttf */; };
		ACC993B233234A1C9C352F5F /* Montserrat-SemiBold.ttf in Resources */ = {isa = PBXBuildFile; fileRef = 0625CF16877C4179A0F77B42 /* Montserrat-SemiBold.ttf */; };
		AE67D17E8A50403BADA39F9F /* Montserrat-Thin.ttf in Resources */ = {isa = PBXBuildFile; fileRef = 5373753F969C4608B4B1970B /* Montserrat-Thin.ttf */; };
		BE1EC6A48A2A4E1684C553FA /* Poppins-MediumItalic.ttf in Resources */ = {isa = PBXBuildFile; fileRef = F6AE953A3AFF498382D05FC5 /* Poppins-MediumItalic.ttf */; };
		BF42699C614748B08162083A /* Montserrat-Italic.ttf in Resources */ = {isa = PBXBuildFile; fileRef = E1D372C3A3A24EF593DF3773 /* Montserrat-Italic.ttf */; };
		C982E39842864ABB85A6E681 /* Poppins-Thin.ttf in Resources */ = {isa = PBXBuildFile; fileRef = CAB9EC185A294B9499620F50 /* Poppins-Thin.ttf */; };
		CCC585D616E44B02B910DB0A /* Montserrat-Light.ttf in Resources */ = {isa = PBXBuildFile; fileRef = C2BE0B08C5B74097B3A51C9C /* Montserrat-Light.ttf */; };
		CFC4F7DD6D18479F8C990D63 /* Poppins-SemiBoldItalic.ttf in Resources */ = {isa = PBXBuildFile; fileRef = AD6B8E7D380B42DF8ABB98C5 /* Poppins-SemiBoldItalic.ttf */; };
		D04429E4BF0A41509B50F852 /* Neris-Light.otf in Resources */ = {isa = PBXBuildFile; fileRef = 45209B4661C24D6183A1B7E4 /* Neris-Light.otf */; };
		D1EE5EABE472446BB3AFE754 /* Montserrat-MediumItalic.ttf in Resources */ = {isa = PBXBuildFile; fileRef = FD083BE345BE4E39B7BE9B38 /* Montserrat-MediumItalic.ttf */; };
		D2A055F089E54EF0A88297CA /* Poppins-Regular.ttf in Resources */ = {isa = PBXBuildFile; fileRef = E9FB078B3D4B40258C1426F8 /* Poppins-Regular.ttf */; };
		D482A143436C459986EF3CE3 /* Montserrat-ExtraLight.ttf in Resources */ = {isa = PBXBuildFile; fileRef = 2BEBC4BC06CA47E4A330C033 /* Montserrat-ExtraLight.ttf */; };
		D894119228A343858796F931 /* Poppins-Bold.ttf in Resources */ = {isa = PBXBuildFile; fileRef = B127130B0BC5446FA6B5DE68 /* Poppins-Bold.ttf */; };
		DD264463DFC94C2A9812A2F2 /* Poppins-Italic.ttf in Resources */ = {isa = PBXBuildFile; fileRef = C3CB385C27384A71AD8800CD /* Poppins-Italic.ttf */; };
		DE697CEE375844D496847191 /* Montserrat-LightItalic.ttf in Resources */ = {isa = PBXBuildFile; fileRef = 1AB1DFBC87E2488595CA13F0 /* Montserrat-LightItalic.ttf */; };
		E096726A58B2414D87271287 /* Karbon.ttf in Resources */ = {isa = PBXBuildFile; fileRef = 67A220A23C0544EEB8C15565 /* Karbon.ttf */; };
		E22080563E4A4C40B4DB91BE /* Montserrat-BoldItalic.ttf in Resources */ = {isa = PBXBuildFile; fileRef = D90F6AF93C3F482E91C1FB76 /* Montserrat-BoldItalic.ttf */; };
		E2BB54FDDF8F47D78381B451 /* Montserrat-Medium.ttf in Resources */ = {isa = PBXBuildFile; fileRef = 65D52356EDDB4BC987C4E45D /* Montserrat-Medium.ttf */; };
		E373EC6A492F46FD89AF470A /* Montserrat-Black.ttf in Resources */ = {isa = PBXBuildFile; fileRef = 3845A26DAA2A4E3098019101 /* Montserrat-Black.ttf */; };
		E380C6EAC87B40D5ADB70F7D /* Poppins-Medium.ttf in Resources */ = {isa = PBXBuildFile; fileRef = 6A980AD6A2904692ABBEF621 /* Poppins-Medium.ttf */; };
		E5B0702283C94D9CB565C78C /* Montserrat-ExtraBold.ttf in Resources */ = {isa = PBXBuildFile; fileRef = 06C7AFB0348E4A31BA05ED83 /* Montserrat-ExtraBold.ttf */; };
		FB974E54B50C439491646BD0 /* OpenSans-ExtraBold.ttf in Resources */ = {isa = PBXBuildFile; fileRef = 3F280883D76C44EE8C5724AA /* OpenSans-ExtraBold.ttf */; };
/* End PBXBuildFile section */

/* Begin PBXContainerItemProxy section */
		00E356F41AD99517003FC87E /* PBXContainerItemProxy */ = {
			isa = PBXContainerItemProxy;
			containerPortal = 83CBB9F71A601CBA00E9B192 /* Project object */;
			proxyType = 1;
			remoteGlobalIDString = 13B07F861A680F5B00A75B9A;
			remoteInfo = RNTemplate3;
		};
/* End PBXContainerItemProxy section */

/* Begin PBXFileReference section */
		00E356EE1AD99517003FC87E /* RNTemplate3Tests.xctest */ = {isa = PBXFileReference; explicitFileType = wrapper.cfbundle; includeInIndex = 0; path = RNTemplate3Tests.xctest; sourceTree = BUILT_PRODUCTS_DIR; };
		00E356F11AD99517003FC87E /* Info.plist */ = {isa = PBXFileReference; lastKnownFileType = text.plist.xml; path = Info.plist; sourceTree = "<group>"; };
		00E356F21AD99517003FC87E /* RNTemplate3Tests.m */ = {isa = PBXFileReference; lastKnownFileType = sourcecode.c.objc; path = RNTemplate3Tests.m; sourceTree = "<group>"; };
		041551777DEE41CB90C77DF8 /* Poppins-ExtraLight.ttf */ = {isa = PBXFileReference; explicitFileType = undefined; fileEncoding = undefined; includeInIndex = 0; lastKnownFileType = unknown; name = "Poppins-ExtraLight.ttf"; path = "../assets/fonts/Poppins-ExtraLight.ttf"; sourceTree = "<group>"; };
		04268C742A1F785800ED6EAB /* mynewkey.cer */ = {isa = PBXFileReference; lastKnownFileType = file; name = mynewkey.cer; path = ../android/app/src/main/assets/certs/mynewkey.cer; sourceTree = "<group>"; };
		04268C782A1F82ED00ED6EAB /* mynewcert.cer */ = {isa = PBXFileReference; lastKnownFileType = file; name = mynewcert.cer; path = ../android/app/src/main/assets/certs/mynewcert.cer; sourceTree = "<group>"; };
		045976A32A0E40750015B46F /* GoogleService-Info.plist */ = {isa = PBXFileReference; fileEncoding = 4; lastKnownFileType = text.plist.xml; path = "GoogleService-Info.plist"; sourceTree = "<group>"; };
		04938B5D2A25C63F0045BC9F /* AppCenter-Config.plist */ = {isa = PBXFileReference; fileEncoding = 4; lastKnownFileType = text.plist.xml; path = "AppCenter-Config.plist"; sourceTree = "<group>"; };
		0625CF16877C4179A0F77B42 /* Montserrat-SemiBold.ttf */ = {isa = PBXFileReference; explicitFileType = undefined; fileEncoding = undefined; includeInIndex = 0; lastKnownFileType = unknown; name = "Montserrat-SemiBold.ttf"; path = "../assets/fonts/Montserrat-SemiBold.ttf"; sourceTree = "<group>"; };
		06C7AFB0348E4A31BA05ED83 /* Montserrat-ExtraBold.ttf */ = {isa = PBXFileReference; explicitFileType = undefined; fileEncoding = undefined; includeInIndex = 0; lastKnownFileType = unknown; name = "Montserrat-ExtraBold.ttf"; path = "../assets/fonts/Montserrat-ExtraBold.ttf"; sourceTree = "<group>"; };
		0B929E62BFFD468986EBDB6F /* Poppins-ExtraBold.ttf */ = {isa = PBXFileReference; explicitFileType = undefined; fileEncoding = undefined; includeInIndex = 0; lastKnownFileType = unknown; name = "Poppins-ExtraBold.ttf"; path = "../assets/fonts/Poppins-ExtraBold.ttf"; sourceTree = "<group>"; };
		13B07F961A680F5B00A75B9A /* RNTemplate3.app */ = {isa = PBXFileReference; explicitFileType = wrapper.application; includeInIndex = 0; path = RNTemplate3.app; sourceTree = BUILT_PRODUCTS_DIR; };
		13B07FAF1A68108700A75B9A /* AppDelegate.h */ = {isa = PBXFileReference; fileEncoding = 4; lastKnownFileType = sourcecode.c.h; name = AppDelegate.h; path = RNTemplate3/AppDelegate.h; sourceTree = "<group>"; };
		13B07FB01A68108700A75B9A /* AppDelegate.mm */ = {isa = PBXFileReference; fileEncoding = 4; lastKnownFileType = sourcecode.cpp.objcpp; name = AppDelegate.mm; path = RNTemplate3/AppDelegate.mm; sourceTree = "<group>"; };
		13B07FB51A68108700A75B9A /* Images.xcassets */ = {isa = PBXFileReference; lastKnownFileType = folder.assetcatalog; name = Images.xcassets; path = RNTemplate3/Images.xcassets; sourceTree = "<group>"; };
		13B07FB61A68108700A75B9A /* Info.plist */ = {isa = PBXFileReference; fileEncoding = 4; lastKnownFileType = text.plist.xml; name = Info.plist; path = RNTemplate3/Info.plist; sourceTree = "<group>"; };
		13B07FB71A68108700A75B9A /* main.m */ = {isa = PBXFileReference; fileEncoding = 4; lastKnownFileType = sourcecode.c.objc; name = main.m; path = RNTemplate3/main.m; sourceTree = "<group>"; };
		1584FA022FB941389A7E7025 /* Neris-Black.otf */ = {isa = PBXFileReference; explicitFileType = undefined; fileEncoding = undefined; includeInIndex = 0; lastKnownFileType = unknown; name = "Neris-Black.otf"; path = "../assets/fonts/Neris-Black.otf"; sourceTree = "<group>"; };
		16EF81BCC1B343D0B47D0FB6 /* Neris-ThinItalic.otf */ = {isa = PBXFileReference; explicitFileType = undefined; fileEncoding = undefined; includeInIndex = 0; lastKnownFileType = unknown; name = "Neris-ThinItalic.otf"; path = "../assets/fonts/Neris-ThinItalic.otf"; sourceTree = "<group>"; };
		1AB1DFBC87E2488595CA13F0 /* Montserrat-LightItalic.ttf */ = {isa = PBXFileReference; explicitFileType = undefined; fileEncoding = undefined; includeInIndex = 0; lastKnownFileType = unknown; name = "Montserrat-LightItalic.ttf"; path = "../assets/fonts/Montserrat-LightItalic.ttf"; sourceTree = "<group>"; };
		1F7A844F56254BC5B5192C28 /* Poppins-SemiBold.ttf */ = {isa = PBXFileReference; explicitFileType = undefined; fileEncoding = undefined; includeInIndex = 0; lastKnownFileType = unknown; name = "Poppins-SemiBold.ttf"; path = "../assets/fonts/Poppins-SemiBold.ttf"; sourceTree = "<group>"; };
		2027AF69729A4210BA2B9D9B /* Poppins-ExtraLightItalic.ttf */ = {isa = PBXFileReference; explicitFileType = undefined; fileEncoding = undefined; includeInIndex = 0; lastKnownFileType = unknown; name = "Poppins-ExtraLightItalic.ttf"; path = "../assets/fonts/Poppins-ExtraLightItalic.ttf"; sourceTree = "<group>"; };
		209CF8BF7E1940938A1578A5 /* OpenSans-Light.ttf */ = {isa = PBXFileReference; explicitFileType = undefined; fileEncoding = undefined; includeInIndex = 0; lastKnownFileType = unknown; name = "OpenSans-Light.ttf"; path = "../assets/fonts/OpenSans-Light.ttf"; sourceTree = "<group>"; };
		2B3C64F083E5427B9820B1D1 /* Poppins-BlackItalic.ttf */ = {isa = PBXFileReference; explicitFileType = undefined; fileEncoding = undefined; includeInIndex = 0; lastKnownFileType = unknown; name = "Poppins-BlackItalic.ttf"; path = "../assets/fonts/Poppins-BlackItalic.ttf"; sourceTree = "<group>"; };
		2BEBC4BC06CA47E4A330C033 /* Montserrat-ExtraLight.ttf */ = {isa = PBXFileReference; explicitFileType = undefined; fileEncoding = undefined; includeInIndex = 0; lastKnownFileType = unknown; name = "Montserrat-ExtraLight.ttf"; path = "../assets/fonts/Montserrat-ExtraLight.ttf"; sourceTree = "<group>"; };
		2DCFEBDB805A439CA801E9AA /* OpenSans-ExtraBoldItalic.ttf */ = {isa = PBXFileReference; explicitFileType = undefined; fileEncoding = undefined; includeInIndex = 0; lastKnownFileType = unknown; name = "OpenSans-ExtraBoldItalic.ttf"; path = "../assets/fonts/OpenSans-ExtraBoldItalic.ttf"; sourceTree = "<group>"; };
		2DEC8B4C3D5C41DCB14A6659 /* Poppins-BoldItalic.ttf */ = {isa = PBXFileReference; explicitFileType = undefined; fileEncoding = undefined; includeInIndex = 0; lastKnownFileType = unknown; name = "Poppins-BoldItalic.ttf"; path = "../assets/fonts/Poppins-BoldItalic.ttf"; sourceTree = "<group>"; };
		3845A26DAA2A4E3098019101 /* Montserrat-Black.ttf */ = {isa = PBXFileReference; explicitFileType = undefined; fileEncoding = undefined; includeInIndex = 0; lastKnownFileType = unknown; name = "Montserrat-Black.ttf"; path = "../assets/fonts/Montserrat-Black.ttf"; sourceTree = "<group>"; };
		3B4392A12AC88292D35C810B /* Pods-RNTemplate3.debug.xcconfig */ = {isa = PBXFileReference; includeInIndex = 1; lastKnownFileType = text.xcconfig; name = "Pods-RNTemplate3.debug.xcconfig"; path = "Target Support Files/Pods-RNTemplate3/Pods-RNTemplate3.debug.xcconfig"; sourceTree = "<group>"; };
		3B78D721559B42A487F45EF5 /* OpenSans-LightItalic.ttf */ = {isa = PBXFileReference; explicitFileType = undefined; fileEncoding = undefined; includeInIndex = 0; lastKnownFileType = unknown; name = "OpenSans-LightItalic.ttf"; path = "../assets/fonts/OpenSans-LightItalic.ttf"; sourceTree = "<group>"; };
		3EF9C4A10C9441ACB67EACD0 /* Montserrat-Regular.ttf */ = {isa = PBXFileReference; explicitFileType = undefined; fileEncoding = undefined; includeInIndex = 0; lastKnownFileType = unknown; name = "Montserrat-Regular.ttf"; path = "../assets/fonts/Montserrat-Regular.ttf"; sourceTree = "<group>"; };
		3F19811962384F8F8AE5FE85 /* opensans-condbold-webfont.ttf */ = {isa = PBXFileReference; explicitFileType = undefined; fileEncoding = undefined; includeInIndex = 0; lastKnownFileType = unknown; name = "opensans-condbold-webfont.ttf"; path = "../assets/fonts/opensans-condbold-webfont.ttf"; sourceTree = "<group>"; };
		3F280883D76C44EE8C5724AA /* OpenSans-ExtraBold.ttf */ = {isa = PBXFileReference; explicitFileType = undefined; fileEncoding = undefined; includeInIndex = 0; lastKnownFileType = unknown; name = "OpenSans-ExtraBold.ttf"; path = "../assets/fonts/OpenSans-ExtraBold.ttf"; sourceTree = "<group>"; };
		4035AC8904874D6BAF36AB92 /* Poppins-Light.ttf */ = {isa = PBXFileReference; explicitFileType = undefined; fileEncoding = undefined; includeInIndex = 0; lastKnownFileType = unknown; name = "Poppins-Light.ttf"; path = "../assets/fonts/Poppins-Light.ttf"; sourceTree = "<group>"; };
		45209B4661C24D6183A1B7E4 /* Neris-Light.otf */ = {isa = PBXFileReference; explicitFileType = undefined; fileEncoding = undefined; includeInIndex = 0; lastKnownFileType = unknown; name = "Neris-Light.otf"; path = "../assets/fonts/Neris-Light.otf"; sourceTree = "<group>"; };
		4B3AC6D85EA142DDBFCE0C65 /* Montserrat-BlackItalic.ttf */ = {isa = PBXFileReference; explicitFileType = undefined; fileEncoding = undefined; includeInIndex = 0; lastKnownFileType = unknown; name = "Montserrat-BlackItalic.ttf"; path = "../assets/fonts/Montserrat-BlackItalic.ttf"; sourceTree = "<group>"; };
		51F8F731A2404C5FAB69C8F1 /* OpenSans-Semibold.ttf */ = {isa = PBXFileReference; explicitFileType = undefined; fileEncoding = undefined; includeInIndex = 0; lastKnownFileType = unknown; name = "OpenSans-Semibold.ttf"; path = "../assets/fonts/OpenSans-Semibold.ttf"; sourceTree = "<group>"; };
		5373753F969C4608B4B1970B /* Montserrat-Thin.ttf */ = {isa = PBXFileReference; explicitFileType = undefined; fileEncoding = undefined; includeInIndex = 0; lastKnownFileType = unknown; name = "Montserrat-Thin.ttf"; path = "../assets/fonts/Montserrat-Thin.ttf"; sourceTree = "<group>"; };
		5597BD9D6A7940DCA6654E24 /* Montserrat-Bold.ttf */ = {isa = PBXFileReference; explicitFileType = undefined; fileEncoding = undefined; includeInIndex = 0; lastKnownFileType = unknown; name = "Montserrat-Bold.ttf"; path = "../assets/fonts/Montserrat-Bold.ttf"; sourceTree = "<group>"; };
		5709B34CF0A7D63546082F79 /* Pods-RNTemplate3.release.xcconfig */ = {isa = PBXFileReference; includeInIndex = 1; lastKnownFileType = text.xcconfig; name = "Pods-RNTemplate3.release.xcconfig"; path = "Target Support Files/Pods-RNTemplate3/Pods-RNTemplate3.release.xcconfig"; sourceTree = "<group>"; };
		5B7EB9410499542E8C5724F5 /* Pods-RNTemplate3-RNTemplate3Tests.debug.xcconfig */ = {isa = PBXFileReference; includeInIndex = 1; lastKnownFileType = text.xcconfig; name = "Pods-RNTemplate3-RNTemplate3Tests.debug.xcconfig"; path = "Target Support Files/Pods-RNTemplate3-RNTemplate3Tests/Pods-RNTemplate3-RNTemplate3Tests.debug.xcconfig"; sourceTree = "<group>"; };
		65D52356EDDB4BC987C4E45D /* Montserrat-Medium.ttf */ = {isa = PBXFileReference; explicitFileType = undefined; fileEncoding = undefined; includeInIndex = 0; lastKnownFileType = unknown; name = "Montserrat-Medium.ttf"; path = "../assets/fonts/Montserrat-Medium.ttf"; sourceTree = "<group>"; };
		67A220A23C0544EEB8C15565 /* Karbon.ttf */ = {isa = PBXFileReference; explicitFileType = undefined; fileEncoding = undefined; includeInIndex = 0; lastKnownFileType = unknown; name = Karbon.ttf; path = ../assets/fonts/Karbon.ttf; sourceTree = "<group>"; };
		6A980AD6A2904692ABBEF621 /* Poppins-Medium.ttf */ = {isa = PBXFileReference; explicitFileType = undefined; fileEncoding = undefined; includeInIndex = 0; lastKnownFileType = unknown; name = "Poppins-Medium.ttf"; path = "../assets/fonts/Poppins-Medium.ttf"; sourceTree = "<group>"; };
		758B14E6901E4DA989C98970 /* Schoolbell-pMMy.ttf */ = {isa = PBXFileReference; explicitFileType = undefined; fileEncoding = undefined; includeInIndex = 0; lastKnownFileType = unknown; name = "Schoolbell-pMMy.ttf"; path = "../assets/fonts/Schoolbell-pMMy.ttf"; sourceTree = "<group>"; };
		7CB06474D68F46AB91D1E57D /* OpenSans-SemiboldItalic_0.ttf */ = {isa = PBXFileReference; explicitFileType = undefined; fileEncoding = undefined; includeInIndex = 0; lastKnownFileType = unknown; name = "OpenSans-SemiboldItalic_0.ttf"; path = "../assets/fonts/OpenSans-SemiboldItalic_0.ttf"; sourceTree = "<group>"; };
		81AB9BB72411601600AC10FF /* LaunchScreen.storyboard */ = {isa = PBXFileReference; fileEncoding = 4; lastKnownFileType = file.storyboard; name = LaunchScreen.storyboard; path = RNTemplate3/LaunchScreen.storyboard; sourceTree = "<group>"; };
		826710A2CE54465F95EEF5A0 /* Poppins-ThinItalic.ttf */ = {isa = PBXFileReference; explicitFileType = undefined; fileEncoding = undefined; includeInIndex = 0; lastKnownFileType = unknown; name = "Poppins-ThinItalic.ttf"; path = "../assets/fonts/Poppins-ThinItalic.ttf"; sourceTree = "<group>"; };
		83321D84FE3C4D2AA34F2CF3 /* OpenSans-BoldItalic.ttf */ = {isa = PBXFileReference; explicitFileType = undefined; fileEncoding = undefined; includeInIndex = 0; lastKnownFileType = unknown; name = "OpenSans-BoldItalic.ttf"; path = "../assets/fonts/OpenSans-BoldItalic.ttf"; sourceTree = "<group>"; };
		87A71A64D6EA4FA59B890FBA /* Neris-LightItalic.otf */ = {isa = PBXFileReference; explicitFileType = undefined; fileEncoding = undefined; includeInIndex = 0; lastKnownFileType = unknown; name = "Neris-LightItalic.otf"; path = "../assets/fonts/Neris-LightItalic.otf"; sourceTree = "<group>"; };
		8832BA857FA7495888F01A3E /* Poppins-Black.ttf */ = {isa = PBXFileReference; explicitFileType = undefined; fileEncoding = undefined; includeInIndex = 0; lastKnownFileType = unknown; name = "Poppins-Black.ttf"; path = "../assets/fonts/Poppins-Black.ttf"; sourceTree = "<group>"; };
		89C6BE57DB24E9ADA2F236DE /* Pods-RNTemplate3-RNTemplate3Tests.release.xcconfig */ = {isa = PBXFileReference; includeInIndex = 1; lastKnownFileType = text.xcconfig; name = "Pods-RNTemplate3-RNTemplate3Tests.release.xcconfig"; path = "Target Support Files/Pods-RNTemplate3-RNTemplate3Tests/Pods-RNTemplate3-RNTemplate3Tests.release.xcconfig"; sourceTree = "<group>"; };
		900B70DF744D4624B47C4946 /* Neris-BoldItalic.otf */ = {isa = PBXFileReference; explicitFileType = undefined; fileEncoding = undefined; includeInIndex = 0; lastKnownFileType = unknown; name = "Neris-BoldItalic.otf"; path = "../assets/fonts/Neris-BoldItalic.otf"; sourceTree = "<group>"; };
		9C2D841B80BC21EAB55CB1E0 /* Pods_RNTemplate3_RNTemplate3Tests.framework */ = {isa = PBXFileReference; explicitFileType = wrapper.framework; includeInIndex = 0; path = Pods_RNTemplate3_RNTemplate3Tests.framework; sourceTree = BUILT_PRODUCTS_DIR; };
		9C5D985A8D5F0AA8DB0CD82F /* Pods_RNTemplate3.framework */ = {isa = PBXFileReference; explicitFileType = wrapper.framework; includeInIndex = 0; path = Pods_RNTemplate3.framework; sourceTree = BUILT_PRODUCTS_DIR; };
		AD6B8E7D380B42DF8ABB98C5 /* Poppins-SemiBoldItalic.ttf */ = {isa = PBXFileReference; explicitFileType = undefined; fileEncoding = undefined; includeInIndex = 0; lastKnownFileType = unknown; name = "Poppins-SemiBoldItalic.ttf"; path = "../assets/fonts/Poppins-SemiBoldItalic.ttf"; sourceTree = "<group>"; };
		B127130B0BC5446FA6B5DE68 /* Poppins-Bold.ttf */ = {isa = PBXFileReference; explicitFileType = undefined; fileEncoding = undefined; includeInIndex = 0; lastKnownFileType = unknown; name = "Poppins-Bold.ttf"; path = "../assets/fonts/Poppins-Bold.ttf"; sourceTree = "<group>"; };
		B63919EB84FC4F26AF55DF6D /* Neris-BlackItalic.otf */ = {isa = PBXFileReference; explicitFileType = undefined; fileEncoding = undefined; includeInIndex = 0; lastKnownFileType = unknown; name = "Neris-BlackItalic.otf"; path = "../assets/fonts/Neris-BlackItalic.otf"; sourceTree = "<group>"; };
		BA1030F018FC4B6094770A14 /* OpenSans-Italic.ttf */ = {isa = PBXFileReference; explicitFileType = undefined; fileEncoding = undefined; includeInIndex = 0; lastKnownFileType = unknown; name = "OpenSans-Italic.ttf"; path = "../assets/fonts/OpenSans-Italic.ttf"; sourceTree = "<group>"; };
		C2BE0B08C5B74097B3A51C9C /* Montserrat-Light.ttf */ = {isa = PBXFileReference; explicitFileType = undefined; fileEncoding = undefined; includeInIndex = 0; lastKnownFileType = unknown; name = "Montserrat-Light.ttf"; path = "../assets/fonts/Montserrat-Light.ttf"; sourceTree = "<group>"; };
		C3CB385C27384A71AD8800CD /* Poppins-Italic.ttf */ = {isa = PBXFileReference; explicitFileType = undefined; fileEncoding = undefined; includeInIndex = 0; lastKnownFileType = unknown; name = "Poppins-Italic.ttf"; path = "../assets/fonts/Poppins-Italic.ttf"; sourceTree = "<group>"; };
		C732ABB794EA42048C7EC9EE /* Montserrat-ExtraLightItalic.ttf */ = {isa = PBXFileReference; explicitFileType = undefined; fileEncoding = undefined; includeInIndex = 0; lastKnownFileType = unknown; name = "Montserrat-ExtraLightItalic.ttf"; path = "../assets/fonts/Montserrat-ExtraLightItalic.ttf"; sourceTree = "<group>"; };
		CAB9EC185A294B9499620F50 /* Poppins-Thin.ttf */ = {isa = PBXFileReference; explicitFileType = undefined; fileEncoding = undefined; includeInIndex = 0; lastKnownFileType = unknown; name = "Poppins-Thin.ttf"; path = "../assets/fonts/Poppins-Thin.ttf"; sourceTree = "<group>"; };
		CD5D164163234F1090080F18 /* Neris-SemiBoldItalic.otf */ = {isa = PBXFileReference; explicitFileType = undefined; fileEncoding = undefined; includeInIndex = 0; lastKnownFileType = unknown; name = "Neris-SemiBoldItalic.otf"; path = "../assets/fonts/Neris-SemiBoldItalic.otf"; sourceTree = "<group>"; };
		CE3C6E28D20D4F2A9D8D0597 /* Montserrat-ThinItalic.ttf */ = {isa = PBXFileReference; explicitFileType = undefined; fileEncoding = undefined; includeInIndex = 0; lastKnownFileType = unknown; name = "Montserrat-ThinItalic.ttf"; path = "../assets/fonts/Montserrat-ThinItalic.ttf"; sourceTree = "<group>"; };
		CFFC84EA2FA04AEBA95E1C41 /* OpenSans-CondLight.ttf */ = {isa = PBXFileReference; explicitFileType = undefined; fileEncoding = undefined; includeInIndex = 0; lastKnownFileType = unknown; name = "OpenSans-CondLight.ttf"; path = "../assets/fonts/OpenSans-CondLight.ttf"; sourceTree = "<group>"; };
		D32885712B364E78A5941470 /* Neris-Thin.otf */ = {isa = PBXFileReference; explicitFileType = undefined; fileEncoding = undefined; includeInIndex = 0; lastKnownFileType = unknown; name = "Neris-Thin.otf"; path = "../assets/fonts/Neris-Thin.otf"; sourceTree = "<group>"; };
		D6BA639C04254493BF9D380A /* OpenSans-Bold.ttf */ = {isa = PBXFileReference; explicitFileType = undefined; fileEncoding = undefined; includeInIndex = 0; lastKnownFileType = unknown; name = "OpenSans-Bold.ttf"; path = "../assets/fonts/OpenSans-Bold.ttf"; sourceTree = "<group>"; };
		D90F6AF93C3F482E91C1FB76 /* Montserrat-BoldItalic.ttf */ = {isa = PBXFileReference; explicitFileType = undefined; fileEncoding = undefined; includeInIndex = 0; lastKnownFileType = unknown; name = "Montserrat-BoldItalic.ttf"; path = "../assets/fonts/Montserrat-BoldItalic.ttf"; sourceTree = "<group>"; };
		DAB27FAC5C564CEC87AF91BF /* Neris-SemiBold.otf */ = {isa = PBXFileReference; explicitFileType = undefined; fileEncoding = undefined; includeInIndex = 0; lastKnownFileType = unknown; name = "Neris-SemiBold.otf"; path = "../assets/fonts/Neris-SemiBold.otf"; sourceTree = "<group>"; };
		DB76659D4AE34BDFB2962BAE /* OpenSans-Regular.ttf */ = {isa = PBXFileReference; explicitFileType = undefined; fileEncoding = undefined; includeInIndex = 0; lastKnownFileType = unknown; name = "OpenSans-Regular.ttf"; path = "../assets/fonts/OpenSans-Regular.ttf"; sourceTree = "<group>"; };
		DB978733517D4DC5A37035FB /* Poppins-LightItalic.ttf */ = {isa = PBXFileReference; explicitFileType = undefined; fileEncoding = undefined; includeInIndex = 0; lastKnownFileType = unknown; name = "Poppins-LightItalic.ttf"; path = "../assets/fonts/Poppins-LightItalic.ttf"; sourceTree = "<group>"; };
		DBC9BC357CC04C0CA699D7C8 /* Montserrat-SemiBoldItalic.ttf */ = {isa = PBXFileReference; explicitFileType = undefined; fileEncoding = undefined; includeInIndex = 0; lastKnownFileType = unknown; name = "Montserrat-SemiBoldItalic.ttf"; path = "../assets/fonts/Montserrat-SemiBoldItalic.ttf"; sourceTree = "<group>"; };
		DC550FE1371748358859C107 /* Poppins-ExtraBoldItalic.ttf */ = {isa = PBXFileReference; explicitFileType = undefined; fileEncoding = undefined; includeInIndex = 0; lastKnownFileType = unknown; name = "Poppins-ExtraBoldItalic.ttf"; path = "../assets/fonts/Poppins-ExtraBoldItalic.ttf"; sourceTree = "<group>"; };
		E1D372C3A3A24EF593DF3773 /* Montserrat-Italic.ttf */ = {isa = PBXFileReference; explicitFileType = undefined; fileEncoding = undefined; includeInIndex = 0; lastKnownFileType = unknown; name = "Montserrat-Italic.ttf"; path = "../assets/fonts/Montserrat-Italic.ttf"; sourceTree = "<group>"; };
		E9FB078B3D4B40258C1426F8 /* Poppins-Regular.ttf */ = {isa = PBXFileReference; explicitFileType = undefined; fileEncoding = undefined; includeInIndex = 0; lastKnownFileType = unknown; name = "Poppins-Regular.ttf"; path = "../assets/fonts/Poppins-Regular.ttf"; sourceTree = "<group>"; };
		ED297162215061F000B7C4FE /* JavaScriptCore.framework */ = {isa = PBXFileReference; lastKnownFileType = wrapper.framework; name = JavaScriptCore.framework; path = System/Library/Frameworks/JavaScriptCore.framework; sourceTree = SDKROOT; };
		F6AE953A3AFF498382D05FC5 /* Poppins-MediumItalic.ttf */ = {isa = PBXFileReference; explicitFileType = undefined; fileEncoding = undefined; includeInIndex = 0; lastKnownFileType = unknown; name = "Poppins-MediumItalic.ttf"; path = "../assets/fonts/Poppins-MediumItalic.ttf"; sourceTree = "<group>"; };
		FA3F5B19E462477990F9D864 /* Montserrat-ExtraBoldItalic.ttf */ = {isa = PBXFileReference; explicitFileType = undefined; fileEncoding = undefined; includeInIndex = 0; lastKnownFileType = unknown; name = "Montserrat-ExtraBoldItalic.ttf"; path = "../assets/fonts/Montserrat-ExtraBoldItalic.ttf"; sourceTree = "<group>"; };
		FD083BE345BE4E39B7BE9B38 /* Montserrat-MediumItalic.ttf */ = {isa = PBXFileReference; explicitFileType = undefined; fileEncoding = undefined; includeInIndex = 0; lastKnownFileType = unknown; name = "Montserrat-MediumItalic.ttf"; path = "../assets/fonts/Montserrat-MediumItalic.ttf"; sourceTree = "<group>"; };
/* End PBXFileReference section */

/* Begin PBXFrameworksBuildPhase section */
		00E356EB1AD99517003FC87E /* Frameworks */ = {
			isa = PBXFrameworksBuildPhase;
			buildActionMask = 2147483647;
			files = (
				30525B99734A689FC89290F4 /* Pods_RNTemplate3_RNTemplate3Tests.framework in Frameworks */,
			);
			runOnlyForDeploymentPostprocessing = 0;
		};
		13B07F8C1A680F5B00A75B9A /* Frameworks */ = {
			isa = PBXFrameworksBuildPhase;
			buildActionMask = 2147483647;
			files = (
				469902D4BC3C3A339431BD27 /* Pods_RNTemplate3.framework in Frameworks */,
			);
			runOnlyForDeploymentPostprocessing = 0;
		};
/* End PBXFrameworksBuildPhase section */

/* Begin PBXGroup section */
		00E356EF1AD99517003FC87E /* RNTemplate3Tests */ = {
			isa = PBXGroup;
			children = (
				00E356F21AD99517003FC87E /* RNTemplate3Tests.m */,
				00E356F01AD99517003FC87E /* Supporting Files */,
			);
			path = RNTemplate3Tests;
			sourceTree = "<group>";
		};
		00E356F01AD99517003FC87E /* Supporting Files */ = {
			isa = PBXGroup;
			children = (
				00E356F11AD99517003FC87E /* Info.plist */,
			);
			name = "Supporting Files";
			sourceTree = "<group>";
		};
		04268C762A1F7D6900ED6EAB /* certs */ = {
			isa = PBXGroup;
			children = (
				04268C782A1F82ED00ED6EAB /* mynewcert.cer */,
				04268C742A1F785800ED6EAB /* mynewkey.cer */,
			);
			name = certs;
			sourceTree = "<group>";
		};
		13B07FAE1A68108700A75B9A /* RNTemplate3 */ = {
			isa = PBXGroup;
			children = (
				04938B5D2A25C63F0045BC9F /* AppCenter-Config.plist */,
				04268C762A1F7D6900ED6EAB /* certs */,
				13B07FAF1A68108700A75B9A /* AppDelegate.h */,
				13B07FB01A68108700A75B9A /* AppDelegate.mm */,
				13B07FB51A68108700A75B9A /* Images.xcassets */,
				13B07FB61A68108700A75B9A /* Info.plist */,
				81AB9BB72411601600AC10FF /* LaunchScreen.storyboard */,
				045976A32A0E40750015B46F /* GoogleService-Info.plist */,
				13B07FB71A68108700A75B9A /* main.m */,
			);
			name = RNTemplate3;
			sourceTree = "<group>";
		};
		2D16E6871FA4F8E400B85C8A /* Frameworks */ = {
			isa = PBXGroup;
			children = (
				ED297162215061F000B7C4FE /* JavaScriptCore.framework */,
				9C5D985A8D5F0AA8DB0CD82F /* Pods_RNTemplate3.framework */,
				9C2D841B80BC21EAB55CB1E0 /* Pods_RNTemplate3_RNTemplate3Tests.framework */,
			);
			name = Frameworks;
			sourceTree = "<group>";
		};
		73A951A1E12647D78ED1A29C /* Resources */ = {
			isa = PBXGroup;
			children = (
				1584FA022FB941389A7E7025 /* Neris-Black.otf */,
				B63919EB84FC4F26AF55DF6D /* Neris-BlackItalic.otf */,
				900B70DF744D4624B47C4946 /* Neris-BoldItalic.otf */,
				45209B4661C24D6183A1B7E4 /* Neris-Light.otf */,
				87A71A64D6EA4FA59B890FBA /* Neris-LightItalic.otf */,
				DAB27FAC5C564CEC87AF91BF /* Neris-SemiBold.otf */,
				CD5D164163234F1090080F18 /* Neris-SemiBoldItalic.otf */,
				D32885712B364E78A5941470 /* Neris-Thin.otf */,
				16EF81BCC1B343D0B47D0FB6 /* Neris-ThinItalic.otf */,
				67A220A23C0544EEB8C15565 /* Karbon.ttf */,
				3845A26DAA2A4E3098019101 /* Montserrat-Black.ttf */,
				4B3AC6D85EA142DDBFCE0C65 /* Montserrat-BlackItalic.ttf */,
				5597BD9D6A7940DCA6654E24 /* Montserrat-Bold.ttf */,
				D90F6AF93C3F482E91C1FB76 /* Montserrat-BoldItalic.ttf */,
				06C7AFB0348E4A31BA05ED83 /* Montserrat-ExtraBold.ttf */,
				FA3F5B19E462477990F9D864 /* Montserrat-ExtraBoldItalic.ttf */,
				2BEBC4BC06CA47E4A330C033 /* Montserrat-ExtraLight.ttf */,
				C732ABB794EA42048C7EC9EE /* Montserrat-ExtraLightItalic.ttf */,
				E1D372C3A3A24EF593DF3773 /* Montserrat-Italic.ttf */,
				C2BE0B08C5B74097B3A51C9C /* Montserrat-Light.ttf */,
				1AB1DFBC87E2488595CA13F0 /* Montserrat-LightItalic.ttf */,
				65D52356EDDB4BC987C4E45D /* Montserrat-Medium.ttf */,
				FD083BE345BE4E39B7BE9B38 /* Montserrat-MediumItalic.ttf */,
				3EF9C4A10C9441ACB67EACD0 /* Montserrat-Regular.ttf */,
				0625CF16877C4179A0F77B42 /* Montserrat-SemiBold.ttf */,
				DBC9BC357CC04C0CA699D7C8 /* Montserrat-SemiBoldItalic.ttf */,
				5373753F969C4608B4B1970B /* Montserrat-Thin.ttf */,
				CE3C6E28D20D4F2A9D8D0597 /* Montserrat-ThinItalic.ttf */,
				D6BA639C04254493BF9D380A /* OpenSans-Bold.ttf */,
				83321D84FE3C4D2AA34F2CF3 /* OpenSans-BoldItalic.ttf */,
				CFFC84EA2FA04AEBA95E1C41 /* OpenSans-CondLight.ttf */,
				3F280883D76C44EE8C5724AA /* OpenSans-ExtraBold.ttf */,
				2DCFEBDB805A439CA801E9AA /* OpenSans-ExtraBoldItalic.ttf */,
				BA1030F018FC4B6094770A14 /* OpenSans-Italic.ttf */,
				209CF8BF7E1940938A1578A5 /* OpenSans-Light.ttf */,
				3B78D721559B42A487F45EF5 /* OpenSans-LightItalic.ttf */,
				DB76659D4AE34BDFB2962BAE /* OpenSans-Regular.ttf */,
				51F8F731A2404C5FAB69C8F1 /* OpenSans-Semibold.ttf */,
				7CB06474D68F46AB91D1E57D /* OpenSans-SemiboldItalic_0.ttf */,
				8832BA857FA7495888F01A3E /* Poppins-Black.ttf */,
				2B3C64F083E5427B9820B1D1 /* Poppins-BlackItalic.ttf */,
				B127130B0BC5446FA6B5DE68 /* Poppins-Bold.ttf */,
				2DEC8B4C3D5C41DCB14A6659 /* Poppins-BoldItalic.ttf */,
				0B929E62BFFD468986EBDB6F /* Poppins-ExtraBold.ttf */,
				DC550FE1371748358859C107 /* Poppins-ExtraBoldItalic.ttf */,
				041551777DEE41CB90C77DF8 /* Poppins-ExtraLight.ttf */,
				2027AF69729A4210BA2B9D9B /* Poppins-ExtraLightItalic.ttf */,
				C3CB385C27384A71AD8800CD /* Poppins-Italic.ttf */,
				4035AC8904874D6BAF36AB92 /* Poppins-Light.ttf */,
				DB978733517D4DC5A37035FB /* Poppins-LightItalic.ttf */,
				6A980AD6A2904692ABBEF621 /* Poppins-Medium.ttf */,
				F6AE953A3AFF498382D05FC5 /* Poppins-MediumItalic.ttf */,
				E9FB078B3D4B40258C1426F8 /* Poppins-Regular.ttf */,
				1F7A844F56254BC5B5192C28 /* Poppins-SemiBold.ttf */,
				AD6B8E7D380B42DF8ABB98C5 /* Poppins-SemiBoldItalic.ttf */,
				CAB9EC185A294B9499620F50 /* Poppins-Thin.ttf */,
				826710A2CE54465F95EEF5A0 /* Poppins-ThinItalic.ttf */,
				758B14E6901E4DA989C98970 /* Schoolbell-pMMy.ttf */,
				3F19811962384F8F8AE5FE85 /* opensans-condbold-webfont.ttf */,
			);
			name = Resources;
			path = "";
			sourceTree = "<group>";
		};
		832341AE1AAA6A7D00B99B32 /* Libraries */ = {
			isa = PBXGroup;
			children = (
			);
			name = Libraries;
			sourceTree = "<group>";
		};
		83CBB9F61A601CBA00E9B192 = {
			isa = PBXGroup;
			children = (
				13B07FAE1A68108700A75B9A /* RNTemplate3 */,
				832341AE1AAA6A7D00B99B32 /* Libraries */,
				00E356EF1AD99517003FC87E /* RNTemplate3Tests */,
				83CBBA001A601CBA00E9B192 /* Products */,
				2D16E6871FA4F8E400B85C8A /* Frameworks */,
				BBD78D7AC51CEA395F1C20DB /* Pods */,
				73A951A1E12647D78ED1A29C /* Resources */,
			);
			indentWidth = 2;
			sourceTree = "<group>";
			tabWidth = 2;
			usesTabs = 0;
		};
		83CBBA001A601CBA00E9B192 /* Products */ = {
			isa = PBXGroup;
			children = (
				13B07F961A680F5B00A75B9A /* RNTemplate3.app */,
				00E356EE1AD99517003FC87E /* RNTemplate3Tests.xctest */,
			);
			name = Products;
			sourceTree = "<group>";
		};
		BBD78D7AC51CEA395F1C20DB /* Pods */ = {
			isa = PBXGroup;
			children = (
				3B4392A12AC88292D35C810B /* Pods-RNTemplate3.debug.xcconfig */,
				5709B34CF0A7D63546082F79 /* Pods-RNTemplate3.release.xcconfig */,
				5B7EB9410499542E8C5724F5 /* Pods-RNTemplate3-RNTemplate3Tests.debug.xcconfig */,
				89C6BE57DB24E9ADA2F236DE /* Pods-RNTemplate3-RNTemplate3Tests.release.xcconfig */,
			);
			path = Pods;
			sourceTree = "<group>";
		};
/* End PBXGroup section */

/* Begin PBXNativeTarget section */
		00E356ED1AD99517003FC87E /* RNTemplate3Tests */ = {
			isa = PBXNativeTarget;
			buildConfigurationList = 00E357021AD99517003FC87E /* Build configuration list for PBXNativeTarget "RNTemplate3Tests" */;
			buildPhases = (
				A55EABD7B0C7F3A422A6CC61 /* [CP] Check Pods Manifest.lock */,
				00E356EA1AD99517003FC87E /* Sources */,
				00E356EB1AD99517003FC87E /* Frameworks */,
				00E356EC1AD99517003FC87E /* Resources */,
				F6A41C54EA430FDDC6A6ED99 /* [CP] Copy Pods Resources */,
				92583C5806B70C7D1EB1FBD1 /* [CP] Embed Pods Frameworks */,
			);
			buildRules = (
			);
			dependencies = (
				00E356F51AD99517003FC87E /* PBXTargetDependency */,
			);
			name = RNTemplate3Tests;
			productName = RNTemplate3Tests;
			productReference = 00E356EE1AD99517003FC87E /* RNTemplate3Tests.xctest */;
			productType = "com.apple.product-type.bundle.unit-test";
		};
		13B07F861A680F5B00A75B9A /* RNTemplate3 */ = {
			isa = PBXNativeTarget;
			buildConfigurationList = 13B07F931A680F5B00A75B9A /* Build configuration list for PBXNativeTarget "RNTemplate3" */;
			buildPhases = (
				C38B50BA6285516D6DCD4F65 /* [CP] Check Pods Manifest.lock */,
				FD10A7F022414F080027D42C /* Start Packager */,
				13B07F871A680F5B00A75B9A /* Sources */,
				13B07F8C1A680F5B00A75B9A /* Frameworks */,
				13B07F8E1A680F5B00A75B9A /* Resources */,
				00DD1BFF1BD5951E006B06BC /* Bundle React Native code and images */,
				E235C05ADACE081382539298 /* [CP] Copy Pods Resources */,
				FE5E4045712EFB06A4E06303 /* [CP-User] [RNFB] Core Configuration */,
				3014B40EC0B8346969A1D641 /* [CP-User] [RNFB] Crashlytics Configuration */,
				4AE553E1972FEC5800F3B250 /* [CP] Embed Pods Frameworks */,
			);
			buildRules = (
			);
			dependencies = (
			);
			name = RNTemplate3;
			productName = RNTemplate3;
			productReference = 13B07F961A680F5B00A75B9A /* RNTemplate3.app */;
			productType = "com.apple.product-type.application";
		};
/* End PBXNativeTarget section */

/* Begin PBXProject section */
		83CBB9F71A601CBA00E9B192 /* Project object */ = {
			isa = PBXProject;
			attributes = {
				LastUpgradeCheck = 1210;
				TargetAttributes = {
					00E356ED1AD99517003FC87E = {
						CreatedOnToolsVersion = 6.2;
						TestTargetID = 13B07F861A680F5B00A75B9A;
					};
					13B07F861A680F5B00A75B9A = {
						LastSwiftMigration = 1120;
					};
				};
			};
			buildConfigurationList = 83CBB9FA1A601CBA00E9B192 /* Build configuration list for PBXProject "RNTemplate3" */;
			compatibilityVersion = "Xcode 12.0";
			developmentRegion = en;
			hasScannedForEncodings = 0;
			knownRegions = (
				en,
				Base,
			);
			mainGroup = 83CBB9F61A601CBA00E9B192;
			productRefGroup = 83CBBA001A601CBA00E9B192 /* Products */;
			projectDirPath = "";
			projectRoot = "";
			targets = (
				13B07F861A680F5B00A75B9A /* RNTemplate3 */,
				00E356ED1AD99517003FC87E /* RNTemplate3Tests */,
			);
		};
/* End PBXProject section */

/* Begin PBXResourcesBuildPhase section */
		00E356EC1AD99517003FC87E /* Resources */ = {
			isa = PBXResourcesBuildPhase;
			buildActionMask = 2147483647;
			files = (
			);
			runOnlyForDeploymentPostprocessing = 0;
		};
		13B07F8E1A680F5B00A75B9A /* Resources */ = {
			isa = PBXResourcesBuildPhase;
			buildActionMask = 2147483647;
			files = (
				81AB9BB82411601600AC10FF /* LaunchScreen.storyboard in Resources */,
				04EDD7052A1FBB7900DBB67E /* mynewkey.cer in Resources */,
				045976A42A0E40750015B46F /* GoogleService-Info.plist in Resources */,
				13B07FBF1A68108700A75B9A /* Images.xcassets in Resources */,
				04EDD7042A1FBB7500DBB67E /* mynewcert.cer in Resources */,
				04938B5E2A25C63F0045BC9F /* AppCenter-Config.plist in Resources */,
				80473DEE19314AAD9B9B0217 /* Neris-Black.otf in Resources */,
				740FFE4DB5164AD5B732310C /* Neris-BlackItalic.otf in Resources */,
				335AD0874BAF48148FF6217C /* Neris-BoldItalic.otf in Resources */,
				D04429E4BF0A41509B50F852 /* Neris-Light.otf in Resources */,
				836A7390213244988A8DDB98 /* Neris-LightItalic.otf in Resources */,
				1ED45732D1BA4DFA83345A1E /* Neris-SemiBold.otf in Resources */,
				0FDB97CB82944453BF393053 /* Neris-SemiBoldItalic.otf in Resources */,
				7D533A34D3EF4CD9A7AB9541 /* Neris-Thin.otf in Resources */,
				190E76461FB9434FB65C7F67 /* Neris-ThinItalic.otf in Resources */,
				E096726A58B2414D87271287 /* Karbon.ttf in Resources */,
				E373EC6A492F46FD89AF470A /* Montserrat-Black.ttf in Resources */,
				A32BDFA3DAC74B1D9E6EC310 /* Montserrat-BlackItalic.ttf in Resources */,
				1D1BEA902547433499E2D995 /* Montserrat-Bold.ttf in Resources */,
				E22080563E4A4C40B4DB91BE /* Montserrat-BoldItalic.ttf in Resources */,
				E5B0702283C94D9CB565C78C /* Montserrat-ExtraBold.ttf in Resources */,
				1DB856C78DC44C82B840C788 /* Montserrat-ExtraBoldItalic.ttf in Resources */,
				D482A143436C459986EF3CE3 /* Montserrat-ExtraLight.ttf in Resources */,
				6AF82136495A4B078BE41E9A /* Montserrat-ExtraLightItalic.ttf in Resources */,
				BF42699C614748B08162083A /* Montserrat-Italic.ttf in Resources */,
				CCC585D616E44B02B910DB0A /* Montserrat-Light.ttf in Resources */,
				DE697CEE375844D496847191 /* Montserrat-LightItalic.ttf in Resources */,
				E2BB54FDDF8F47D78381B451 /* Montserrat-Medium.ttf in Resources */,
				D1EE5EABE472446BB3AFE754 /* Montserrat-MediumItalic.ttf in Resources */,
				83CA74746CB647AEA957176C /* Montserrat-Regular.ttf in Resources */,
				ACC993B233234A1C9C352F5F /* Montserrat-SemiBold.ttf in Resources */,
				65CEF01E4782458EB8772B5D /* Montserrat-SemiBoldItalic.ttf in Resources */,
				AE67D17E8A50403BADA39F9F /* Montserrat-Thin.ttf in Resources */,
				7FAE0F3254514A5BA6314D50 /* Montserrat-ThinItalic.ttf in Resources */,
				43306BD87ACB4680B7E35439 /* OpenSans-Bold.ttf in Resources */,
				23B645C850B545A3A95C6E92 /* OpenSans-BoldItalic.ttf in Resources */,
				159C19C8C68A4280957ED7AE /* OpenSans-CondLight.ttf in Resources */,
				FB974E54B50C439491646BD0 /* OpenSans-ExtraBold.ttf in Resources */,
				47728C85564F4572921903A0 /* OpenSans-ExtraBoldItalic.ttf in Resources */,
				20B96842CCA54A5995BD50A0 /* OpenSans-Italic.ttf in Resources */,
				912263FE4783409489AAE2DD /* OpenSans-Light.ttf in Resources */,
				AB5CEB0590F4425DA5377A6E /* OpenSans-LightItalic.ttf in Resources */,
				802B44BCB04A430D8F53501F /* OpenSans-Regular.ttf in Resources */,
				78FA0C3E27674E1C930F2414 /* OpenSans-Semibold.ttf in Resources */,
				767151B70512419CA9AD3183 /* OpenSans-SemiboldItalic_0.ttf in Resources */,
				0D41452E9EC74DD5804F8EF6 /* Poppins-Black.ttf in Resources */,
				24F9F085AE93484EB72E528B /* Poppins-BlackItalic.ttf in Resources */,
				D894119228A343858796F931 /* Poppins-Bold.ttf in Resources */,
				60CF2088B47E4727BBB4956E /* Poppins-BoldItalic.ttf in Resources */,
				89497ABD59E648C89D155139 /* Poppins-ExtraBold.ttf in Resources */,
				283ACEF149DC45619F9540CF /* Poppins-ExtraBoldItalic.ttf in Resources */,
				17CB6DC0DA38476499A50DC3 /* Poppins-ExtraLight.ttf in Resources */,
				98F37DDCA5394517B050C427 /* Poppins-ExtraLightItalic.ttf in Resources */,
				DD264463DFC94C2A9812A2F2 /* Poppins-Italic.ttf in Resources */,
				3E8F83B2778D4A21AA348CB9 /* Poppins-Light.ttf in Resources */,
				04CF91545C274619B299FAD2 /* Poppins-LightItalic.ttf in Resources */,
				E380C6EAC87B40D5ADB70F7D /* Poppins-Medium.ttf in Resources */,
				BE1EC6A48A2A4E1684C553FA /* Poppins-MediumItalic.ttf in Resources */,
				D2A055F089E54EF0A88297CA /* Poppins-Regular.ttf in Resources */,
				21BCE45C9558466AB2425F2C /* Poppins-SemiBold.ttf in Resources */,
				CFC4F7DD6D18479F8C990D63 /* Poppins-SemiBoldItalic.ttf in Resources */,
				C982E39842864ABB85A6E681 /* Poppins-Thin.ttf in Resources */,
				635214FAF2E84B9E8E90017D /* Poppins-ThinItalic.ttf in Resources */,
				4EA6A87B7DF944C88062A7F5 /* Schoolbell-pMMy.ttf in Resources */,
				A8BC96505B614A358DDBC3E6 /* opensans-condbold-webfont.ttf in Resources */,
			);
			runOnlyForDeploymentPostprocessing = 0;
		};
/* End PBXResourcesBuildPhase section */

/* Begin PBXShellScriptBuildPhase section */
		00DD1BFF1BD5951E006B06BC /* Bundle React Native code and images */ = {
			isa = PBXShellScriptBuildPhase;
			buildActionMask = 2147483647;
			files = (
			);
			inputPaths = (
				"$(SRCROOT)/.xcode.env.local",
				"$(SRCROOT)/.xcode.env",
			);
			name = "Bundle React Native code and images";
			outputPaths = (
			);
			runOnlyForDeploymentPostprocessing = 0;
			shellPath = /bin/sh;
			shellScript = "set -e\n\nWITH_ENVIRONMENT=\"../node_modules/react-native/scripts/xcode/with-environment.sh\"\nREACT_NATIVE_XCODE=\"../node_modules/react-native/scripts/react-native-xcode.sh\"\n\n/bin/sh -c \"$WITH_ENVIRONMENT $REACT_NATIVE_XCODE\"\n";
		};
		3014B40EC0B8346969A1D641 /* [CP-User] [RNFB] Crashlytics Configuration */ = {
			isa = PBXShellScriptBuildPhase;
			buildActionMask = 2147483647;
			files = (
			);
			inputPaths = (
				"${DWARF_DSYM_FOLDER_PATH}/${DWARF_DSYM_FILE_NAME}/Contents/Resources/DWARF/${TARGET_NAME}",
				"$(SRCROOT)/$(BUILT_PRODUCTS_DIR)/$(INFOPLIST_PATH)",
			);
			name = "[CP-User] [RNFB] Crashlytics Configuration";
			runOnlyForDeploymentPostprocessing = 0;
			shellPath = /bin/sh;
			shellScript = "#!/usr/bin/env bash\n#\n# Copyright (c) 2016-present Invertase Limited & Contributors\n#\n# Licensed under the Apache License, Version 2.0 (the \"License\");\n# you may not use this library except in compliance with the License.\n# You may obtain a copy of the License at\n#\n#   http://www.apache.org/licenses/LICENSE-2.0\n#\n# Unless required by applicable law or agreed to in writing, software\n# distributed under the License is distributed on an \"AS IS\" BASIS,\n# WITHOUT WARRANTIES OR CONDITIONS OF ANY KIND, either express or implied.\n# See the License for the specific language governing permissions and\n# limitations under the License.\n#\nset -e\n\nif [[ ${PODS_ROOT} ]]; then\n  echo \"info: Exec FirebaseCrashlytics Run from Pods\"\n  \"${PODS_ROOT}/FirebaseCrashlytics/run\"\nelse\n  echo \"info: Exec FirebaseCrashlytics Run from framework\"\n  \"${PROJECT_DIR}/FirebaseCrashlytics.framework/run\"\nfi\n";
		};
		4AE553E1972FEC5800F3B250 /* [CP] Embed Pods Frameworks */ = {
			isa = PBXShellScriptBuildPhase;
			buildActionMask = 2147483647;
			files = (
			);
			inputFileListPaths = (
				"${PODS_ROOT}/Target Support Files/Pods-RNTemplate3/Pods-RNTemplate3-frameworks-${CONFIGURATION}-input-files.xcfilelist",
			);
			name = "[CP] Embed Pods Frameworks";
			outputFileListPaths = (
				"${PODS_ROOT}/Target Support Files/Pods-RNTemplate3/Pods-RNTemplate3-frameworks-${CONFIGURATION}-output-files.xcfilelist",
			);
			runOnlyForDeploymentPostprocessing = 0;
			shellPath = /bin/sh;
			shellScript = "\"${PODS_ROOT}/Target Support Files/Pods-RNTemplate3/Pods-RNTemplate3-frameworks.sh\"\n";
			showEnvVarsInLog = 0;
		};
		92583C5806B70C7D1EB1FBD1 /* [CP] Embed Pods Frameworks */ = {
			isa = PBXShellScriptBuildPhase;
			buildActionMask = 2147483647;
			files = (
			);
			inputFileListPaths = (
				"${PODS_ROOT}/Target Support Files/Pods-RNTemplate3-RNTemplate3Tests/Pods-RNTemplate3-RNTemplate3Tests-frameworks-${CONFIGURATION}-input-files.xcfilelist",
			);
			name = "[CP] Embed Pods Frameworks";
			outputFileListPaths = (
				"${PODS_ROOT}/Target Support Files/Pods-RNTemplate3-RNTemplate3Tests/Pods-RNTemplate3-RNTemplate3Tests-frameworks-${CONFIGURATION}-output-files.xcfilelist",
			);
			runOnlyForDeploymentPostprocessing = 0;
			shellPath = /bin/sh;
			shellScript = "\"${PODS_ROOT}/Target Support Files/Pods-RNTemplate3-RNTemplate3Tests/Pods-RNTemplate3-RNTemplate3Tests-frameworks.sh\"\n";
			showEnvVarsInLog = 0;
		};
		A55EABD7B0C7F3A422A6CC61 /* [CP] Check Pods Manifest.lock */ = {
			isa = PBXShellScriptBuildPhase;
			buildActionMask = 2147483647;
			files = (
			);
			inputFileListPaths = (
			);
			inputPaths = (
				"${PODS_PODFILE_DIR_PATH}/Podfile.lock",
				"${PODS_ROOT}/Manifest.lock",
			);
			name = "[CP] Check Pods Manifest.lock";
			outputFileListPaths = (
			);
			outputPaths = (
				"$(DERIVED_FILE_DIR)/Pods-RNTemplate3-RNTemplate3Tests-checkManifestLockResult.txt",
			);
			runOnlyForDeploymentPostprocessing = 0;
			shellPath = /bin/sh;
			shellScript = "diff \"${PODS_PODFILE_DIR_PATH}/Podfile.lock\" \"${PODS_ROOT}/Manifest.lock\" > /dev/null\nif [ $? != 0 ] ; then\n    # print error to STDERR\n    echo \"error: The sandbox is not in sync with the Podfile.lock. Run 'pod install' or update your CocoaPods installation.\" >&2\n    exit 1\nfi\n# This output is used by Xcode 'outputs' to avoid re-running this script phase.\necho \"SUCCESS\" > \"${SCRIPT_OUTPUT_FILE_0}\"\n";
			showEnvVarsInLog = 0;
		};
		C38B50BA6285516D6DCD4F65 /* [CP] Check Pods Manifest.lock */ = {
			isa = PBXShellScriptBuildPhase;
			buildActionMask = 2147483647;
			files = (
			);
			inputFileListPaths = (
			);
			inputPaths = (
				"${PODS_PODFILE_DIR_PATH}/Podfile.lock",
				"${PODS_ROOT}/Manifest.lock",
			);
			name = "[CP] Check Pods Manifest.lock";
			outputFileListPaths = (
			);
			outputPaths = (
				"$(DERIVED_FILE_DIR)/Pods-RNTemplate3-checkManifestLockResult.txt",
			);
			runOnlyForDeploymentPostprocessing = 0;
			shellPath = /bin/sh;
			shellScript = "diff \"${PODS_PODFILE_DIR_PATH}/Podfile.lock\" \"${PODS_ROOT}/Manifest.lock\" > /dev/null\nif [ $? != 0 ] ; then\n    # print error to STDERR\n    echo \"error: The sandbox is not in sync with the Podfile.lock. Run 'pod install' or update your CocoaPods installation.\" >&2\n    exit 1\nfi\n# This output is used by Xcode 'outputs' to avoid re-running this script phase.\necho \"SUCCESS\" > \"${SCRIPT_OUTPUT_FILE_0}\"\n";
			showEnvVarsInLog = 0;
		};
		E235C05ADACE081382539298 /* [CP] Copy Pods Resources */ = {
			isa = PBXShellScriptBuildPhase;
			buildActionMask = 2147483647;
			files = (
			);
			inputFileListPaths = (
				"${PODS_ROOT}/Target Support Files/Pods-RNTemplate3/Pods-RNTemplate3-resources-${CONFIGURATION}-input-files.xcfilelist",
			);
			name = "[CP] Copy Pods Resources";
			outputFileListPaths = (
				"${PODS_ROOT}/Target Support Files/Pods-RNTemplate3/Pods-RNTemplate3-resources-${CONFIGURATION}-output-files.xcfilelist",
			);
			runOnlyForDeploymentPostprocessing = 0;
			shellPath = /bin/sh;
			shellScript = "\"${PODS_ROOT}/Target Support Files/Pods-RNTemplate3/Pods-RNTemplate3-resources.sh\"\n";
			showEnvVarsInLog = 0;
		};
		F6A41C54EA430FDDC6A6ED99 /* [CP] Copy Pods Resources */ = {
			isa = PBXShellScriptBuildPhase;
			buildActionMask = 2147483647;
			files = (
			);
			inputFileListPaths = (
				"${PODS_ROOT}/Target Support Files/Pods-RNTemplate3-RNTemplate3Tests/Pods-RNTemplate3-RNTemplate3Tests-resources-${CONFIGURATION}-input-files.xcfilelist",
			);
			name = "[CP] Copy Pods Resources";
			outputFileListPaths = (
				"${PODS_ROOT}/Target Support Files/Pods-RNTemplate3-RNTemplate3Tests/Pods-RNTemplate3-RNTemplate3Tests-resources-${CONFIGURATION}-output-files.xcfilelist",
			);
			runOnlyForDeploymentPostprocessing = 0;
			shellPath = /bin/sh;
			shellScript = "\"${PODS_ROOT}/Target Support Files/Pods-RNTemplate3-RNTemplate3Tests/Pods-RNTemplate3-RNTemplate3Tests-resources.sh\"\n";
			showEnvVarsInLog = 0;
		};
		FD10A7F022414F080027D42C /* Start Packager */ = {
			isa = PBXShellScriptBuildPhase;
			buildActionMask = 2147483647;
			files = (
			);
			inputFileListPaths = (
			);
			inputPaths = (
			);
			name = "Start Packager";
			outputFileListPaths = (
			);
			outputPaths = (
			);
			runOnlyForDeploymentPostprocessing = 0;
			shellPath = /bin/sh;
			shellScript = "export RCT_METRO_PORT=\"${RCT_METRO_PORT:=8081}\"\necho \"export RCT_METRO_PORT=${RCT_METRO_PORT}\" > \"${SRCROOT}/../node_modules/react-native/scripts/.packager.env\"\nif [ -z \"${RCT_NO_LAUNCH_PACKAGER+xxx}\" ] ; then\n  if nc -w 5 -z localhost ${RCT_METRO_PORT} ; then\n    if ! curl -s \"http://localhost:${RCT_METRO_PORT}/status\" | grep -q \"packager-status:running\" ; then\n      echo \"Port ${RCT_METRO_PORT} already in use, packager is either not running or not running correctly\"\n      exit 2\n    fi\n  else\n    open \"$SRCROOT/../node_modules/react-native/scripts/launchPackager.command\" || echo \"Can't start packager automatically\"\n  fi\nfi\n";
			showEnvVarsInLog = 0;
		};
		FE5E4045712EFB06A4E06303 /* [CP-User] [RNFB] Core Configuration */ = {
			isa = PBXShellScriptBuildPhase;
			buildActionMask = 2147483647;
			files = (
			);
			inputPaths = (
				"$(BUILT_PRODUCTS_DIR)/$(INFOPLIST_PATH)",
			);
			name = "[CP-User] [RNFB] Core Configuration";
			runOnlyForDeploymentPostprocessing = 0;
			shellPath = /bin/sh;
			shellScript = "#!/usr/bin/env bash\n#\n# Copyright (c) 2016-present Invertase Limited & Contributors\n#\n# Licensed under the Apache License, Version 2.0 (the \"License\");\n# you may not use this library except in compliance with the License.\n# You may obtain a copy of the License at\n#\n#   http://www.apache.org/licenses/LICENSE-2.0\n#\n# Unless required by applicable law or agreed to in writing, software\n# distributed under the License is distributed on an \"AS IS\" BASIS,\n# WITHOUT WARRANTIES OR CONDITIONS OF ANY KIND, either express or implied.\n# See the License for the specific language governing permissions and\n# limitations under the License.\n#\nset -e\n\n_MAX_LOOKUPS=2;\n_SEARCH_RESULT=''\n_RN_ROOT_EXISTS=''\n_CURRENT_LOOKUPS=1\n_JSON_ROOT=\"'react-native'\"\n_JSON_FILE_NAME='firebase.json'\n_JSON_OUTPUT_BASE64='e30=' # { }\n_CURRENT_SEARCH_DIR=${PROJECT_DIR}\n_PLIST_BUDDY=/usr/libexec/PlistBuddy\n_TARGET_PLIST=\"${BUILT_PRODUCTS_DIR}/${INFOPLIST_PATH}\"\n_DSYM_PLIST=\"${DWARF_DSYM_FOLDER_PATH}/${DWARF_DSYM_FILE_NAME}/Contents/Info.plist\"\n\n# plist arrays\n_PLIST_ENTRY_KEYS=()\n_PLIST_ENTRY_TYPES=()\n_PLIST_ENTRY_VALUES=()\n\nfunction setPlistValue {\n  echo \"info:      setting plist entry '$1' of type '$2' in file '$4'\"\n  ${_PLIST_BUDDY} -c \"Add :$1 $2 '$3'\" $4 || echo \"info:      '$1' already exists\"\n}\n\nfunction getFirebaseJsonKeyValue () {\n  if [[ ${_RN_ROOT_EXISTS} ]]; then\n    ruby -Ku -e \"require 'rubygems';require 'json'; output=JSON.parse('$1'); puts output[$_JSON_ROOT]['$2']\"\n  else\n    echo \"\"\n  fi;\n}\n\nfunction jsonBoolToYesNo () {\n  if [[ $1 == \"false\" ]]; then\n    echo \"NO\"\n  elif [[ $1 == \"true\" ]]; then\n    echo \"YES\"\n  else echo \"NO\"\n  fi\n}\n\necho \"info: -> RNFB build script started\"\necho \"info: 1) Locating ${_JSON_FILE_NAME} file:\"\n\nif [[ -z ${_CURRENT_SEARCH_DIR} ]]; then\n  _CURRENT_SEARCH_DIR=$(pwd)\nfi;\n\nwhile true; do\n  _CURRENT_SEARCH_DIR=$(dirname \"$_CURRENT_SEARCH_DIR\")\n  if [[ \"$_CURRENT_SEARCH_DIR\" == \"/\" ]] || [[ ${_CURRENT_LOOKUPS} -gt ${_MAX_LOOKUPS} ]]; then break; fi;\n  echo \"info:      ($_CURRENT_LOOKUPS of $_MAX_LOOKUPS) Searching in '$_CURRENT_SEARCH_DIR' for a ${_JSON_FILE_NAME} file.\"\n  _SEARCH_RESULT=$(find \"$_CURRENT_SEARCH_DIR\" -maxdepth 2 -name ${_JSON_FILE_NAME} -print | /usr/bin/head -n 1)\n  if [[ ${_SEARCH_RESULT} ]]; then\n    echo \"info:      ${_JSON_FILE_NAME} found at $_SEARCH_RESULT\"\n    break;\n  fi;\n  _CURRENT_LOOKUPS=$((_CURRENT_LOOKUPS+1))\ndone\n\nif [[ ${_SEARCH_RESULT} ]]; then\n  _JSON_OUTPUT_RAW=$(cat \"${_SEARCH_RESULT}\")\n  _RN_ROOT_EXISTS=$(ruby -Ku -e \"require 'rubygems';require 'json'; output=JSON.parse('$_JSON_OUTPUT_RAW'); puts output[$_JSON_ROOT]\" || echo '')\n\n  if [[ ${_RN_ROOT_EXISTS} ]]; then\n    if ! python3 --version >/dev/null 2>&1; then echo \"python3 not found, firebase.json file processing error.\" && exit 1; fi\n    _JSON_OUTPUT_BASE64=$(python3 -c 'import json,sys,base64;print(base64.b64encode(bytes(json.dumps(json.loads(open('\"'${_SEARCH_RESULT}'\"', '\"'rb'\"').read())['${_JSON_ROOT}']), '\"'utf-8'\"')).decode())' || echo \"e30=\")\n  fi\n\n  _PLIST_ENTRY_KEYS+=(\"firebase_json_raw\")\n  _PLIST_ENTRY_TYPES+=(\"string\")\n  _PLIST_ENTRY_VALUES+=(\"$_JSON_OUTPUT_BASE64\")\n\n  # config.app_data_collection_default_enabled\n  _APP_DATA_COLLECTION_ENABLED=$(getFirebaseJsonKeyValue \"$_JSON_OUTPUT_RAW\" \"app_data_collection_default_enabled\")\n  if [[ $_APP_DATA_COLLECTION_ENABLED ]]; then\n    _PLIST_ENTRY_KEYS+=(\"FirebaseDataCollectionDefaultEnabled\")\n    _PLIST_ENTRY_TYPES+=(\"bool\")\n    _PLIST_ENTRY_VALUES+=(\"$(jsonBoolToYesNo \"$_APP_DATA_COLLECTION_ENABLED\")\")\n  fi\n\n  # config.analytics_auto_collection_enabled\n  _ANALYTICS_AUTO_COLLECTION=$(getFirebaseJsonKeyValue \"$_JSON_OUTPUT_RAW\" \"analytics_auto_collection_enabled\")\n  if [[ $_ANALYTICS_AUTO_COLLECTION ]]; then\n    _PLIST_ENTRY_KEYS+=(\"FIREBASE_ANALYTICS_COLLECTION_ENABLED\")\n    _PLIST_ENTRY_TYPES+=(\"bool\")\n    _PLIST_ENTRY_VALUES+=(\"$(jsonBoolToYesNo \"$_ANALYTICS_AUTO_COLLECTION\")\")\n  fi\n\n  # config.analytics_collection_deactivated\n  _ANALYTICS_DEACTIVATED=$(getFirebaseJsonKeyValue \"$_JSON_OUTPUT_RAW\" \"analytics_collection_deactivated\")\n  if [[ $_ANALYTICS_DEACTIVATED ]]; then\n    _PLIST_ENTRY_KEYS+=(\"FIREBASE_ANALYTICS_COLLECTION_DEACTIVATED\")\n    _PLIST_ENTRY_TYPES+=(\"bool\")\n    _PLIST_ENTRY_VALUES+=(\"$(jsonBoolToYesNo \"$_ANALYTICS_DEACTIVATED\")\")\n  fi\n\n  # config.analytics_idfv_collection_enabled\n  _ANALYTICS_IDFV_COLLECTION=$(getFirebaseJsonKeyValue \"$_JSON_OUTPUT_RAW\" \"analytics_idfv_collection_enabled\")\n  if [[ $_ANALYTICS_IDFV_COLLECTION ]]; then\n    _PLIST_ENTRY_KEYS+=(\"GOOGLE_ANALYTICS_IDFV_COLLECTION_ENABLED\")\n    _PLIST_ENTRY_TYPES+=(\"bool\")\n    _PLIST_ENTRY_VALUES+=(\"$(jsonBoolToYesNo \"$_ANALYTICS_IDFV_COLLECTION\")\")\n  fi\n\n  # config.analytics_default_allow_ad_personalization_signals\n  _ANALYTICS_PERSONALIZATION=$(getFirebaseJsonKeyValue \"$_JSON_OUTPUT_RAW\" \"analytics_default_allow_ad_personalization_signals\")\n  if [[ $_ANALYTICS_PERSONALIZATION ]]; then\n    _PLIST_ENTRY_KEYS+=(\"GOOGLE_ANALYTICS_DEFAULT_ALLOW_AD_PERSONALIZATION_SIGNALS\")\n    _PLIST_ENTRY_TYPES+=(\"bool\")\n    _PLIST_ENTRY_VALUES+=(\"$(jsonBoolToYesNo \"$_ANALYTICS_PERSONALIZATION\")\")\n  fi\n\n  # config.analytics_registration_with_ad_network_enabled\n  _ANALYTICS_REGISTRATION_WITH_AD_NETWORK=$(getFirebaseJsonKeyValue \"$_JSON_OUTPUT_RAW\" \"google_analytics_registration_with_ad_network_enabled\")\n  if [[ $_ANALYTICS_REGISTRATION_WITH_AD_NETWORK ]]; then\n    _PLIST_ENTRY_KEYS+=(\"GOOGLE_ANALYTICS_REGISTRATION_WITH_AD_NETWORK_ENABLED\")\n    _PLIST_ENTRY_TYPES+=(\"bool\")\n    _PLIST_ENTRY_VALUES+=(\"$(jsonBoolToYesNo \"$_ANALYTICS_REGISTRATION_WITH_AD_NETWORK\")\")\n  fi\n\n  # config.google_analytics_automatic_screen_reporting_enabled\n  _ANALYTICS_AUTO_SCREEN_REPORTING=$(getFirebaseJsonKeyValue \"$_JSON_OUTPUT_RAW\" \"google_analytics_automatic_screen_reporting_enabled\")\n  if [[ $_ANALYTICS_AUTO_SCREEN_REPORTING ]]; then\n    _PLIST_ENTRY_KEYS+=(\"FirebaseAutomaticScreenReportingEnabled\")\n    _PLIST_ENTRY_TYPES+=(\"bool\")\n    _PLIST_ENTRY_VALUES+=(\"$(jsonBoolToYesNo \"$_ANALYTICS_AUTO_SCREEN_REPORTING\")\")\n  fi\n\n  # config.perf_auto_collection_enabled\n  _PERF_AUTO_COLLECTION=$(getFirebaseJsonKeyValue \"$_JSON_OUTPUT_RAW\" \"perf_auto_collection_enabled\")\n  if [[ $_PERF_AUTO_COLLECTION ]]; then\n    _PLIST_ENTRY_KEYS+=(\"firebase_performance_collection_enabled\")\n    _PLIST_ENTRY_TYPES+=(\"bool\")\n    _PLIST_ENTRY_VALUES+=(\"$(jsonBoolToYesNo \"$_PERF_AUTO_COLLECTION\")\")\n  fi\n\n  # config.perf_collection_deactivated\n  _PERF_DEACTIVATED=$(getFirebaseJsonKeyValue \"$_JSON_OUTPUT_RAW\" \"perf_collection_deactivated\")\n  if [[ $_PERF_DEACTIVATED ]]; then\n    _PLIST_ENTRY_KEYS+=(\"firebase_performance_collection_deactivated\")\n    _PLIST_ENTRY_TYPES+=(\"bool\")\n    _PLIST_ENTRY_VALUES+=(\"$(jsonBoolToYesNo \"$_PERF_DEACTIVATED\")\")\n  fi\n\n  # config.messaging_auto_init_enabled\n  _MESSAGING_AUTO_INIT=$(getFirebaseJsonKeyValue \"$_JSON_OUTPUT_RAW\" \"messaging_auto_init_enabled\")\n  if [[ $_MESSAGING_AUTO_INIT ]]; then\n    _PLIST_ENTRY_KEYS+=(\"FirebaseMessagingAutoInitEnabled\")\n    _PLIST_ENTRY_TYPES+=(\"bool\")\n    _PLIST_ENTRY_VALUES+=(\"$(jsonBoolToYesNo \"$_MESSAGING_AUTO_INIT\")\")\n  fi\n\n  # config.in_app_messaging_auto_colllection_enabled\n  _FIAM_AUTO_INIT=$(getFirebaseJsonKeyValue \"$_JSON_OUTPUT_RAW\" \"in_app_messaging_auto_collection_enabled\")\n  if [[ $_FIAM_AUTO_INIT ]]; then\n    _PLIST_ENTRY_KEYS+=(\"FirebaseInAppMessagingAutomaticDataCollectionEnabled\")\n    _PLIST_ENTRY_TYPES+=(\"bool\")\n    _PLIST_ENTRY_VALUES+=(\"$(jsonBoolToYesNo \"$_FIAM_AUTO_INIT\")\")\n  fi\n\n  # config.app_check_token_auto_refresh\n  _APP_CHECK_TOKEN_AUTO_REFRESH=$(getFirebaseJsonKeyValue \"$_JSON_OUTPUT_RAW\" \"app_check_token_auto_refresh\")\n  if [[ $_APP_CHECK_TOKEN_AUTO_REFRESH ]]; then\n    _PLIST_ENTRY_KEYS+=(\"FirebaseAppCheckTokenAutoRefreshEnabled\")\n    _PLIST_ENTRY_TYPES+=(\"bool\")\n    _PLIST_ENTRY_VALUES+=(\"$(jsonBoolToYesNo \"$_APP_CHECK_TOKEN_AUTO_REFRESH\")\")\n  fi\n\n  # config.crashlytics_disable_auto_disabler - undocumented for now - mainly for debugging, document if becomes useful\n  _CRASHLYTICS_AUTO_DISABLE_ENABLED=$(getFirebaseJsonKeyValue \"$_JSON_OUTPUT_RAW\" \"crashlytics_disable_auto_disabler\")\n  if [[ $_CRASHLYTICS_AUTO_DISABLE_ENABLED == \"true\" ]]; then\n    echo \"Disabled Crashlytics auto disabler.\" # do nothing\n  else\n    _PLIST_ENTRY_KEYS+=(\"FirebaseCrashlyticsCollectionEnabled\")\n    _PLIST_ENTRY_TYPES+=(\"bool\")\n    _PLIST_ENTRY_VALUES+=(\"NO\")\n  fi\nelse\n  _PLIST_ENTRY_KEYS+=(\"firebase_json_raw\")\n  _PLIST_ENTRY_TYPES+=(\"string\")\n  _PLIST_ENTRY_VALUES+=(\"$_JSON_OUTPUT_BASE64\")\n  echo \"warning:   A firebase.json file was not found, whilst this file is optional it is recommended to include it to configure firebase services in React Native Firebase.\"\nfi;\n\necho \"info: 2) Injecting Info.plist entries: \"\n\n# Log out the keys we're adding\nfor i in \"${!_PLIST_ENTRY_KEYS[@]}\"; do\n  echo \"    ->  $i) ${_PLIST_ENTRY_KEYS[$i]}\" \"${_PLIST_ENTRY_TYPES[$i]}\" \"${_PLIST_ENTRY_VALUES[$i]}\"\ndone\n\nfor plist in \"${_TARGET_PLIST}\" \"${_DSYM_PLIST}\" ; do\n  if [[ -f \"${plist}\" ]]; then\n\n    # paths with spaces break the call to setPlistValue. temporarily modify\n    # the shell internal field separator variable (IFS), which normally\n    # includes spaces, to consist only of line breaks\n    oldifs=$IFS\n    IFS=\"\n\"\n\n    for i in \"${!_PLIST_ENTRY_KEYS[@]}\"; do\n      setPlistValue \"${_PLIST_ENTRY_KEYS[$i]}\" \"${_PLIST_ENTRY_TYPES[$i]}\" \"${_PLIST_ENTRY_VALUES[$i]}\" \"${plist}\"\n    done\n\n    # restore the original internal field separator value\n    IFS=$oldifs\n  else\n    echo \"warning:   A Info.plist build output file was not found (${plist})\"\n  fi\ndone\n\necho \"info: <- RNFB build script finished\"\n";
		};
/* End PBXShellScriptBuildPhase section */

/* Begin PBXSourcesBuildPhase section */
		00E356EA1AD99517003FC87E /* Sources */ = {
			isa = PBXSourcesBuildPhase;
			buildActionMask = 2147483647;
			files = (
				00E356F31AD99517003FC87E /* RNTemplate3Tests.m in Sources */,
			);
			runOnlyForDeploymentPostprocessing = 0;
		};
		13B07F871A680F5B00A75B9A /* Sources */ = {
			isa = PBXSourcesBuildPhase;
			buildActionMask = 2147483647;
			files = (
				13B07FBC1A68108700A75B9A /* AppDelegate.mm in Sources */,
				13B07FC11A68108700A75B9A /* main.m in Sources */,
			);
			runOnlyForDeploymentPostprocessing = 0;
		};
/* End PBXSourcesBuildPhase section */

/* Begin PBXTargetDependency section */
		00E356F51AD99517003FC87E /* PBXTargetDependency */ = {
			isa = PBXTargetDependency;
			target = 13B07F861A680F5B00A75B9A /* RNTemplate3 */;
			targetProxy = 00E356F41AD99517003FC87E /* PBXContainerItemProxy */;
		};
/* End PBXTargetDependency section */

/* Begin XCBuildConfiguration section */
		00E356F61AD99517003FC87E /* Debug */ = {
			isa = XCBuildConfiguration;
			baseConfigurationReference = 5B7EB9410499542E8C5724F5 /* Pods-RNTemplate3-RNTemplate3Tests.debug.xcconfig */;
			buildSettings = {
				BUNDLE_LOADER = "$(TEST_HOST)";
				GCC_PREPROCESSOR_DEFINITIONS = (
					"DEBUG=1",
					"$(inherited)",
				);
				INFOPLIST_FILE = RNTemplate3Tests/Info.plist;
				IPHONEOS_DEPLOYMENT_TARGET = 12.4;
				LD_RUNPATH_SEARCH_PATHS = (
					"$(inherited)",
					"@executable_path/Frameworks",
					"@loader_path/Frameworks",
				);
				OTHER_LDFLAGS = (
					"-ObjC",
					"-lc++",
					"$(inherited)",
				);
				PRODUCT_BUNDLE_IDENTIFIER = com.rntemplate.thirdtemplate;
				PRODUCT_NAME = "$(TARGET_NAME)";
				TEST_HOST = "$(BUILT_PRODUCTS_DIR)/RNTemplate3.app/RNTemplate3";
			};
			name = Debug;
		};
		00E356F71AD99517003FC87E /* Release */ = {
			isa = XCBuildConfiguration;
			baseConfigurationReference = 89C6BE57DB24E9ADA2F236DE /* Pods-RNTemplate3-RNTemplate3Tests.release.xcconfig */;
			buildSettings = {
				BUNDLE_LOADER = "$(TEST_HOST)";
				COPY_PHASE_STRIP = NO;
				INFOPLIST_FILE = RNTemplate3Tests/Info.plist;
				IPHONEOS_DEPLOYMENT_TARGET = 12.4;
				LD_RUNPATH_SEARCH_PATHS = (
					"$(inherited)",
					"@executable_path/Frameworks",
					"@loader_path/Frameworks",
				);
				OTHER_LDFLAGS = (
					"-ObjC",
					"-lc++",
					"$(inherited)",
				);
				PRODUCT_BUNDLE_IDENTIFIER = com.rntemplate.thirdtemplate;
				PRODUCT_NAME = "$(TARGET_NAME)";
				TEST_HOST = "$(BUILT_PRODUCTS_DIR)/RNTemplate3.app/RNTemplate3";
			};
			name = Release;
		};
		13B07F941A680F5B00A75B9A /* Debug */ = {
			isa = XCBuildConfiguration;
			baseConfigurationReference = 3B4392A12AC88292D35C810B /* Pods-RNTemplate3.debug.xcconfig */;
			buildSettings = {
				ASSETCATALOG_COMPILER_APPICON_NAME = AppIcon;
				CLANG_ENABLE_MODULES = YES;
				CURRENT_PROJECT_VERSION = 1;
				ENABLE_BITCODE = NO;
				INFOPLIST_FILE = RNTemplate3/Info.plist;
				LD_RUNPATH_SEARCH_PATHS = (
					"$(inherited)",
					"@executable_path/Frameworks",
				);
				MARKETING_VERSION = 1.0;
				OTHER_LDFLAGS = (
					"$(inherited)",
					"-ObjC",
					"-lc++",
				);
				PRODUCT_BUNDLE_IDENTIFIER = com.rntemplate.thirdtemplate;
				PRODUCT_NAME = RNTemplate3;
				SWIFT_OPTIMIZATION_LEVEL = "-Onone";
				SWIFT_VERSION = 5.0;
				VERSIONING_SYSTEM = "apple-generic";
			};
			name = Debug;
		};
		13B07F951A680F5B00A75B9A /* Release */ = {
			isa = XCBuildConfiguration;
			baseConfigurationReference = 5709B34CF0A7D63546082F79 /* Pods-RNTemplate3.release.xcconfig */;
			buildSettings = {
				ASSETCATALOG_COMPILER_APPICON_NAME = AppIcon;
				CLANG_ENABLE_MODULES = YES;
				CURRENT_PROJECT_VERSION = 1;
				INFOPLIST_FILE = RNTemplate3/Info.plist;
				LD_RUNPATH_SEARCH_PATHS = (
					"$(inherited)",
					"@executable_path/Frameworks",
				);
				MARKETING_VERSION = 1.0;
				OTHER_LDFLAGS = (
					"$(inherited)",
					"-ObjC",
					"-lc++",
				);
				PRODUCT_BUNDLE_IDENTIFIER = com.rntemplate.thirdtemplate;
				PRODUCT_NAME = RNTemplate3;
				SWIFT_VERSION = 5.0;
				VERSIONING_SYSTEM = "apple-generic";
			};
			name = Release;
		};
		83CBBA201A601CBA00E9B192 /* Debug */ = {
			isa = XCBuildConfiguration;
			buildSettings = {
				ALWAYS_SEARCH_USER_PATHS = NO;
				CLANG_ANALYZER_LOCALIZABILITY_NONLOCALIZED = YES;
				CLANG_CXX_LANGUAGE_STANDARD = "c++17";
				CLANG_CXX_LIBRARY = "libc++";
				CLANG_ENABLE_MODULES = YES;
				CLANG_ENABLE_OBJC_ARC = YES;
				CLANG_WARN_BLOCK_CAPTURE_AUTORELEASING = YES;
				CLANG_WARN_BOOL_CONVERSION = YES;
				CLANG_WARN_COMMA = YES;
				CLANG_WARN_CONSTANT_CONVERSION = YES;
				CLANG_WARN_DEPRECATED_OBJC_IMPLEMENTATIONS = YES;
				CLANG_WARN_DIRECT_OBJC_ISA_USAGE = YES_ERROR;
				CLANG_WARN_EMPTY_BODY = YES;
				CLANG_WARN_ENUM_CONVERSION = YES;
				CLANG_WARN_INFINITE_RECURSION = YES;
				CLANG_WARN_INT_CONVERSION = YES;
				CLANG_WARN_NON_LITERAL_NULL_CONVERSION = YES;
				CLANG_WARN_OBJC_IMPLICIT_RETAIN_SELF = YES;
				CLANG_WARN_OBJC_LITERAL_CONVERSION = YES;
				CLANG_WARN_OBJC_ROOT_CLASS = YES_ERROR;
				CLANG_WARN_QUOTED_INCLUDE_IN_FRAMEWORK_HEADER = YES;
				CLANG_WARN_RANGE_LOOP_ANALYSIS = YES;
				CLANG_WARN_STRICT_PROTOTYPES = YES;
				CLANG_WARN_SUSPICIOUS_MOVE = YES;
				CLANG_WARN_UNREACHABLE_CODE = YES;
				CLANG_WARN__DUPLICATE_METHOD_MATCH = YES;
				"CODE_SIGN_IDENTITY[sdk=iphoneos*]" = "iPhone Developer";
				COPY_PHASE_STRIP = NO;
				ENABLE_STRICT_OBJC_MSGSEND = YES;
				ENABLE_TESTABILITY = YES;
				"EXCLUDED_ARCHS[sdk=iphonesimulator*]" = "";
				GCC_C_LANGUAGE_STANDARD = gnu99;
				GCC_DYNAMIC_NO_PIC = NO;
				GCC_NO_COMMON_BLOCKS = YES;
				GCC_OPTIMIZATION_LEVEL = 0;
				GCC_PREPROCESSOR_DEFINITIONS = (
					"DEBUG=1",
					"$(inherited)",
				);
				GCC_SYMBOLS_PRIVATE_EXTERN = NO;
				GCC_WARN_64_TO_32_BIT_CONVERSION = YES;
				GCC_WARN_ABOUT_RETURN_TYPE = YES_ERROR;
				GCC_WARN_UNDECLARED_SELECTOR = YES;
				GCC_WARN_UNINITIALIZED_AUTOS = YES_AGGRESSIVE;
				GCC_WARN_UNUSED_FUNCTION = YES;
				GCC_WARN_UNUSED_VARIABLE = YES;
				IPHONEOS_DEPLOYMENT_TARGET = 12.4;
				LD_RUNPATH_SEARCH_PATHS = (
					/usr/lib/swift,
					"$(inherited)",
				);
				LIBRARY_SEARCH_PATHS = (
					"\"$(SDKROOT)/usr/lib/swift\"",
					"\"$(TOOLCHAIN_DIR)/usr/lib/swift/$(PLATFORM_NAME)\"",
					"\"$(inherited)\"",
				);
				MTL_ENABLE_DEBUG_INFO = YES;
				ONLY_ACTIVE_ARCH = YES;
				OTHER_CPLUSPLUSFLAGS = (
					"$(OTHER_CFLAGS)",
					"-DFOLLY_NO_CONFIG",
					"-DFOLLY_MOBILE=1",
					"-DFOLLY_USE_LIBCPP=1",
				);
				REACT_NATIVE_PATH = "${PODS_ROOT}/../../node_modules/react-native";
				SDKROOT = iphoneos;
			};
			name = Debug;
		};
		83CBBA211A601CBA00E9B192 /* Release */ = {
			isa = XCBuildConfiguration;
			buildSettings = {
				ALWAYS_SEARCH_USER_PATHS = NO;
				CLANG_ANALYZER_LOCALIZABILITY_NONLOCALIZED = YES;
				CLANG_CXX_LANGUAGE_STANDARD = "c++17";
				CLANG_CXX_LIBRARY = "libc++";
				CLANG_ENABLE_MODULES = YES;
				CLANG_ENABLE_OBJC_ARC = YES;
				CLANG_WARN_BLOCK_CAPTURE_AUTORELEASING = YES;
				CLANG_WARN_BOOL_CONVERSION = YES;
				CLANG_WARN_COMMA = YES;
				CLANG_WARN_CONSTANT_CONVERSION = YES;
				CLANG_WARN_DEPRECATED_OBJC_IMPLEMENTATIONS = YES;
				CLANG_WARN_DIRECT_OBJC_ISA_USAGE = YES_ERROR;
				CLANG_WARN_EMPTY_BODY = YES;
				CLANG_WARN_ENUM_CONVERSION = YES;
				CLANG_WARN_INFINITE_RECURSION = YES;
				CLANG_WARN_INT_CONVERSION = YES;
				CLANG_WARN_NON_LITERAL_NULL_CONVERSION = YES;
				CLANG_WARN_OBJC_IMPLICIT_RETAIN_SELF = YES;
				CLANG_WARN_OBJC_LITERAL_CONVERSION = YES;
				CLANG_WARN_OBJC_ROOT_CLASS = YES_ERROR;
				CLANG_WARN_QUOTED_INCLUDE_IN_FRAMEWORK_HEADER = YES;
				CLANG_WARN_RANGE_LOOP_ANALYSIS = YES;
				CLANG_WARN_STRICT_PROTOTYPES = YES;
				CLANG_WARN_SUSPICIOUS_MOVE = YES;
				CLANG_WARN_UNREACHABLE_CODE = YES;
				CLANG_WARN__DUPLICATE_METHOD_MATCH = YES;
				"CODE_SIGN_IDENTITY[sdk=iphoneos*]" = "iPhone Developer";
				COPY_PHASE_STRIP = YES;
				ENABLE_NS_ASSERTIONS = NO;
				ENABLE_STRICT_OBJC_MSGSEND = YES;
				"EXCLUDED_ARCHS[sdk=iphonesimulator*]" = "";
				GCC_C_LANGUAGE_STANDARD = gnu99;
				GCC_NO_COMMON_BLOCKS = YES;
				GCC_WARN_64_TO_32_BIT_CONVERSION = YES;
				GCC_WARN_ABOUT_RETURN_TYPE = YES_ERROR;
				GCC_WARN_UNDECLARED_SELECTOR = YES;
				GCC_WARN_UNINITIALIZED_AUTOS = YES_AGGRESSIVE;
				GCC_WARN_UNUSED_FUNCTION = YES;
				GCC_WARN_UNUSED_VARIABLE = YES;
				IPHONEOS_DEPLOYMENT_TARGET = 12.4;
				LD_RUNPATH_SEARCH_PATHS = (
					/usr/lib/swift,
					"$(inherited)",
				);
				LIBRARY_SEARCH_PATHS = (
					"\"$(SDKROOT)/usr/lib/swift\"",
					"\"$(TOOLCHAIN_DIR)/usr/lib/swift/$(PLATFORM_NAME)\"",
					"\"$(inherited)\"",
				);
				MTL_ENABLE_DEBUG_INFO = NO;
				OTHER_CPLUSPLUSFLAGS = (
					"$(OTHER_CFLAGS)",
					"-DFOLLY_NO_CONFIG",
					"-DFOLLY_MOBILE=1",
					"-DFOLLY_USE_LIBCPP=1",
				);
				REACT_NATIVE_PATH = "${PODS_ROOT}/../../node_modules/react-native";
				SDKROOT = iphoneos;
				VALIDATE_PRODUCT = YES;
			};
			name = Release;
		};
/* End XCBuildConfiguration section */

/* Begin XCConfigurationList section */
		00E357021AD99517003FC87E /* Build configuration list for PBXNativeTarget "RNTemplate3Tests" */ = {
			isa = XCConfigurationList;
			buildConfigurations = (
				00E356F61AD99517003FC87E /* Debug */,
				00E356F71AD99517003FC87E /* Release */,
			);
			defaultConfigurationIsVisible = 0;
			defaultConfigurationName = Release;
		};
		13B07F931A680F5B00A75B9A /* Build configuration list for PBXNativeTarget "RNTemplate3" */ = {
			isa = XCConfigurationList;
			buildConfigurations = (
				13B07F941A680F5B00A75B9A /* Debug */,
				13B07F951A680F5B00A75B9A /* Release */,
			);
			defaultConfigurationIsVisible = 0;
			defaultConfigurationName = Release;
		};
		83CBB9FA1A601CBA00E9B192 /* Build configuration list for PBXProject "RNTemplate3" */ = {
			isa = XCConfigurationList;
			buildConfigurations = (
				83CBBA201A601CBA00E9B192 /* Debug */,
				83CBBA211A601CBA00E9B192 /* Release */,
			);
			defaultConfigurationIsVisible = 0;
			defaultConfigurationName = Release;
		};
/* End XCConfigurationList section */
	};
	rootObject = 83CBB9F71A601CBA00E9B192 /* Project object */;
}
